// !$*UTF8*$!
{
	archiveVersion = 1;
	classes = {
	};
	objectVersion = 50;
	objects = {

/* Begin PBXBuildFile section */
		3104B76BAD7A004899D59E37 /* Pods_Presentation.framework in Frameworks */ = {isa = PBXBuildFile; fileRef = EC2A47652E81F312CF55A922 /* Pods_Presentation.framework */; };
		5407D85AF4BE72EE99BDDC10 /* Pods_Domain.framework in Frameworks */ = {isa = PBXBuildFile; fileRef = 8E99E9B53E8034D35EC01DDA /* Pods_Domain.framework */; };
		6E173CBC2444608300BEAB68 /* Domain.h in Headers */ = {isa = PBXBuildFile; fileRef = 6E173CBA2444608300BEAB68 /* Domain.h */; settings = {ATTRIBUTES = (Public, ); }; };
		6E173CBF2444608300BEAB68 /* Domain.framework in Frameworks */ = {isa = PBXBuildFile; fileRef = 6E173CB82444608300BEAB68 /* Domain.framework */; };
		6E173CC02444608300BEAB68 /* Domain.framework in Embed Frameworks */ = {isa = PBXBuildFile; fileRef = 6E173CB82444608300BEAB68 /* Domain.framework */; settings = {ATTRIBUTES = (CodeSignOnCopy, RemoveHeadersOnCopy, ); }; };
		6E173CCE244460C800BEAB68 /* Data.h in Headers */ = {isa = PBXBuildFile; fileRef = 6E173CCC244460C800BEAB68 /* Data.h */; settings = {ATTRIBUTES = (Public, ); }; };
		6E173CD1244460C800BEAB68 /* Data.framework in Frameworks */ = {isa = PBXBuildFile; fileRef = 6E173CCA244460C800BEAB68 /* Data.framework */; };
		6E173CD2244460C800BEAB68 /* Data.framework in Embed Frameworks */ = {isa = PBXBuildFile; fileRef = 6E173CCA244460C800BEAB68 /* Data.framework */; settings = {ATTRIBUTES = (CodeSignOnCopy, RemoveHeadersOnCopy, ); }; };
		6E173CD62444617500BEAB68 /* Domain.framework in Frameworks */ = {isa = PBXBuildFile; fileRef = 6E173CB82444608300BEAB68 /* Domain.framework */; };
		6E173CD72444617500BEAB68 /* Domain.framework in Embed Frameworks */ = {isa = PBXBuildFile; fileRef = 6E173CB82444608300BEAB68 /* Domain.framework */; settings = {ATTRIBUTES = (CodeSignOnCopy, RemoveHeadersOnCopy, ); }; };
		6E757A74244797A900154249 /* User.swift in Sources */ = {isa = PBXBuildFile; fileRef = 6E757A73244797A900154249 /* User.swift */; };
		6E757A76244797FE00154249 /* UserType.swift in Sources */ = {isa = PBXBuildFile; fileRef = 6E757A75244797FE00154249 /* UserType.swift */; };
		6E757A7F24479E4700154249 /* AuthServiceImpl.swift in Sources */ = {isa = PBXBuildFile; fileRef = 6E757A7E24479E4700154249 /* AuthServiceImpl.swift */; };
		6E757A832447A3A800154249 /* AuthRepository.swift in Sources */ = {isa = PBXBuildFile; fileRef = 6E757A822447A3A800154249 /* AuthRepository.swift */; };
		6E757A852447A40F00154249 /* AuthRepositoryImpl.swift in Sources */ = {isa = PBXBuildFile; fileRef = 6E757A842447A40F00154249 /* AuthRepositoryImpl.swift */; };
		6E757A872447A4FD00154249 /* UserDefaultsManager.swift in Sources */ = {isa = PBXBuildFile; fileRef = 6E757A862447A4FD00154249 /* UserDefaultsManager.swift */; };
		6E757A8C2447ABF700154249 /* SaveUserUseCase.swift in Sources */ = {isa = PBXBuildFile; fileRef = 6E757A8B2447ABF700154249 /* SaveUserUseCase.swift */; };
		6E757A902447ACF100154249 /* GetPostsUseCase.swift in Sources */ = {isa = PBXBuildFile; fileRef = 6E757A8F2447ACF100154249 /* GetPostsUseCase.swift */; };
		6E757A922447AD6E00154249 /* GetPostByIdUseCase.swift in Sources */ = {isa = PBXBuildFile; fileRef = 6E757A912447AD6E00154249 /* GetPostByIdUseCase.swift */; };
		6E757A942447AF1F00154249 /* GetUserUseCase.swift in Sources */ = {isa = PBXBuildFile; fileRef = 6E757A932447AF1F00154249 /* GetUserUseCase.swift */; };
		6E757A962447AF8100154249 /* LogoutUserUseCase.swift in Sources */ = {isa = PBXBuildFile; fileRef = 6E757A952447AF8100154249 /* LogoutUserUseCase.swift */; };
		6E757A982447B03000154249 /* IsUserLoggedInUseCase.swift in Sources */ = {isa = PBXBuildFile; fileRef = 6E757A972447B03000154249 /* IsUserLoggedInUseCase.swift */; };
		6E757A9A2447B7BD00154249 /* PostServiceImpl.swift in Sources */ = {isa = PBXBuildFile; fileRef = 6E757A992447B7BD00154249 /* PostServiceImpl.swift */; };
		6E81AF28244472110067DA7E /* LoginUserUseCase.swift in Sources */ = {isa = PBXBuildFile; fileRef = 6E81AF27244472110067DA7E /* LoginUserUseCase.swift */; };
		6EBAFF79244482D10077C927 /* ViewModelType.swift in Sources */ = {isa = PBXBuildFile; fileRef = 6EBAFF78244482D10077C927 /* ViewModelType.swift */; };
		6EBAFF7B244482E80077C927 /* Configurable.swift in Sources */ = {isa = PBXBuildFile; fileRef = 6EBAFF7A244482E80077C927 /* Configurable.swift */; };
		6EBAFF812444844B0077C927 /* MVVMController.swift in Sources */ = {isa = PBXBuildFile; fileRef = 6EBAFF802444844B0077C927 /* MVVMController.swift */; };
		6EBAFF86244485220077C927 /* LoginViewController.swift in Sources */ = {isa = PBXBuildFile; fileRef = 6EBAFF84244485220077C927 /* LoginViewController.swift */; };
		6EBAFF87244485220077C927 /* LoginViewModel.swift in Sources */ = {isa = PBXBuildFile; fileRef = 6EBAFF85244485220077C927 /* LoginViewModel.swift */; };
		6EBAFF89244497120077C927 /* SceneTransition.swift in Sources */ = {isa = PBXBuildFile; fileRef = 6EBAFF88244497120077C927 /* SceneTransition.swift */; };
		6EBAFF8B2444981E0077C927 /* SceneCoordinatorType.swift in Sources */ = {isa = PBXBuildFile; fileRef = 6EBAFF8A2444981E0077C927 /* SceneCoordinatorType.swift */; };
		6EBAFF8D244499650077C927 /* SceneCoordinator.swift in Sources */ = {isa = PBXBuildFile; fileRef = 6EBAFF8C244499650077C927 /* SceneCoordinator.swift */; };
		6EBAFF8F24449BE20077C927 /* CoordinatorVC.swift in Sources */ = {isa = PBXBuildFile; fileRef = 6EBAFF8E24449BE20077C927 /* CoordinatorVC.swift */; };
		6EBAFF9224449D270077C927 /* UIViewControllerExt.swift in Sources */ = {isa = PBXBuildFile; fileRef = 6EBAFF9124449D270077C927 /* UIViewControllerExt.swift */; };
		6EBAFF9524449FCB0077C927 /* ManualRegistration.swift in Sources */ = {isa = PBXBuildFile; fileRef = 6EBAFF9424449FCB0077C927 /* ManualRegistration.swift */; };
		6EBAFF9B2444A3630077C927 /* LoginRequestData.swift in Sources */ = {isa = PBXBuildFile; fileRef = 6EBAFF9A2444A3630077C927 /* LoginRequestData.swift */; };
		6EBAFF9D2444A36C0077C927 /* LoginResponseData.swift in Sources */ = {isa = PBXBuildFile; fileRef = 6EBAFF9C2444A36C0077C927 /* LoginResponseData.swift */; };
		6EBAFFA32444A56B0077C927 /* NetworkError.swift in Sources */ = {isa = PBXBuildFile; fileRef = 6EBAFFA22444A56B0077C927 /* NetworkError.swift */; };
		6EBAFFA62444A69E0077C927 /* UserRepository.swift in Sources */ = {isa = PBXBuildFile; fileRef = 6EBAFFA52444A69E0077C927 /* UserRepository.swift */; };
		6EBAFFA82444A6FB0077C927 /* UserRepositoryImpl.swift in Sources */ = {isa = PBXBuildFile; fileRef = 6EBAFFA72444A6FB0077C927 /* UserRepositoryImpl.swift */; };
		6EBAFFB02444BDD00077C927 /* StartScreenViewController.swift in Sources */ = {isa = PBXBuildFile; fileRef = 6EBAFFAE2444BDD00077C927 /* StartScreenViewController.swift */; };
		6EBAFFB12444BDD00077C927 /* StartScreenViewModel.swift in Sources */ = {isa = PBXBuildFile; fileRef = 6EBAFFAF2444BDD00077C927 /* StartScreenViewModel.swift */; };
		6EBAFFB82444C9DC0077C927 /* PostListViewController.swift in Sources */ = {isa = PBXBuildFile; fileRef = 6EBAFFB62444C9DC0077C927 /* PostListViewController.swift */; };
		6EBAFFB92444C9DC0077C927 /* PostListViewModel.swift in Sources */ = {isa = PBXBuildFile; fileRef = 6EBAFFB72444C9DC0077C927 /* PostListViewModel.swift */; };
		6EBAFFC02444D8940077C927 /* ApiService.swift in Sources */ = {isa = PBXBuildFile; fileRef = 6EBAFFBF2444D8940077C927 /* ApiService.swift */; };
		6EBAFFC22444D8AA0077C927 /* ApiConfig.swift in Sources */ = {isa = PBXBuildFile; fileRef = 6EBAFFC12444D8AA0077C927 /* ApiConfig.swift */; };
		6EBAFFC42444DBE10077C927 /* ApiNetwork.swift in Sources */ = {isa = PBXBuildFile; fileRef = 6EBAFFC32444DBE10077C927 /* ApiNetwork.swift */; };
		6EBAFFC62444E4E30077C927 /* Post.swift in Sources */ = {isa = PBXBuildFile; fileRef = 6EBAFFC52444E4E30077C927 /* Post.swift */; };
		6EBAFFC82444E5350077C927 /* PostService.swift in Sources */ = {isa = PBXBuildFile; fileRef = 6EBAFFC72444E5350077C927 /* PostService.swift */; };
		6EBAFFCD2444E68D0077C927 /* PostRepository.swift in Sources */ = {isa = PBXBuildFile; fileRef = 6EBAFFCC2444E68D0077C927 /* PostRepository.swift */; };
		6EBAFFCF2444E6C80077C927 /* PostRepositoryImpl.swift in Sources */ = {isa = PBXBuildFile; fileRef = 6EBAFFCE2444E6C80077C927 /* PostRepositoryImpl.swift */; };
		6EBAFFDA2444E90A0077C927 /* PostListItemViewDataMapper.swift in Sources */ = {isa = PBXBuildFile; fileRef = 6EBAFFD92444E90A0077C927 /* PostListItemViewDataMapper.swift */; };
		6EBAFFDC2444ECA90077C927 /* ResultExt.swift in Sources */ = {isa = PBXBuildFile; fileRef = 6EBAFFDB2444ECA90077C927 /* ResultExt.swift */; };
		6EC20D852445927100AC8956 /* PostListItemCell.swift in Sources */ = {isa = PBXBuildFile; fileRef = 6EC20D842445927100AC8956 /* PostListItemCell.swift */; };
		6EC20D87244592CC00AC8956 /* Reusable.swift in Sources */ = {isa = PBXBuildFile; fileRef = 6EC20D86244592CC00AC8956 /* Reusable.swift */; };
		6EC20D892445941500AC8956 /* UITableViewCellExt.swift in Sources */ = {isa = PBXBuildFile; fileRef = 6EC20D882445941500AC8956 /* UITableViewCellExt.swift */; };
		6EC20D8B2445943500AC8956 /* UITableViewExt.swift in Sources */ = {isa = PBXBuildFile; fileRef = 6EC20D8A2445943500AC8956 /* UITableViewExt.swift */; };
		6EC20D8D244595B800AC8956 /* NibLoadable.swift in Sources */ = {isa = PBXBuildFile; fileRef = 6EC20D8C244595B800AC8956 /* NibLoadable.swift */; };
		6EC20D8F244595CE00AC8956 /* UIViewExt.swift in Sources */ = {isa = PBXBuildFile; fileRef = 6EC20D8E244595CE00AC8956 /* UIViewExt.swift */; };
		6EC20D922445A10800AC8956 /* UITableViewRx.swift in Sources */ = {isa = PBXBuildFile; fileRef = 6EC20D912445A10800AC8956 /* UITableViewRx.swift */; };
		6EC20D942445AECB00AC8956 /* KeychainAccessManager.swift in Sources */ = {isa = PBXBuildFile; fileRef = 6EC20D932445AECB00AC8956 /* KeychainAccessManager.swift */; };
		6EC20D972445B0E300AC8956 /* NotificationManager.swift in Sources */ = {isa = PBXBuildFile; fileRef = 6EC20D962445B0E300AC8956 /* NotificationManager.swift */; };
		6EC20D992445B2B300AC8956 /* NotificationNameExt.swift in Sources */ = {isa = PBXBuildFile; fileRef = 6EC20D982445B2B300AC8956 /* NotificationNameExt.swift */; };
		6EC20D9B2445B3DA00AC8956 /* AuthService.swift in Sources */ = {isa = PBXBuildFile; fileRef = 6EC20D9A2445B3D900AC8956 /* AuthService.swift */; };
		6EC20D9E2445B7FA00AC8956 /* LoginViewDataMapper.swift in Sources */ = {isa = PBXBuildFile; fileRef = 6EC20D9D2445B7FA00AC8956 /* LoginViewDataMapper.swift */; };
		6EC20DA02445BFA400AC8956 /* UIViewRx.swift in Sources */ = {isa = PBXBuildFile; fileRef = 6EC20D9F2445BFA400AC8956 /* UIViewRx.swift */; };
		6EC20DA42445CC7B00AC8956 /* PostDetailsViewController.swift in Sources */ = {isa = PBXBuildFile; fileRef = 6EC20DA22445CC7B00AC8956 /* PostDetailsViewController.swift */; };
		6EC20DA52445CC7B00AC8956 /* PostDetailsViewModel.swift in Sources */ = {isa = PBXBuildFile; fileRef = 6EC20DA32445CC7B00AC8956 /* PostDetailsViewModel.swift */; };
		6EC20DA92445CF0600AC8956 /* PostDetailsViewDataMapper.swift in Sources */ = {isa = PBXBuildFile; fileRef = 6EC20DA82445CF0600AC8956 /* PostDetailsViewDataMapper.swift */; };
		6EC20DAB2445D02C00AC8956 /* ObservableTypeExt.swift in Sources */ = {isa = PBXBuildFile; fileRef = 6EC20DAA2445D02C00AC8956 /* ObservableTypeExt.swift */; };
		83FA7D4E22A21D405F4F993D /* Pods_Data.framework in Frameworks */ = {isa = PBXBuildFile; fileRef = FA422CC581228C396FA86C78 /* Pods_Data.framework */; };
		8D617C5B21B40901009D2113 /* AppDelegate.swift in Sources */ = {isa = PBXBuildFile; fileRef = 8D617C5A21B40901009D2113 /* AppDelegate.swift */; };
		8D617C6521B40902009D2113 /* Assets.xcassets in Resources */ = {isa = PBXBuildFile; fileRef = 8D617C6421B40902009D2113 /* Assets.xcassets */; };
		8D617C6821B40902009D2113 /* LaunchScreen.storyboard in Resources */ = {isa = PBXBuildFile; fileRef = 8D617C6621B40902009D2113 /* LaunchScreen.storyboard */; };
		8D9D63F821B5231300979814 /* Localizable.strings in Resources */ = {isa = PBXBuildFile; fileRef = 8D9D63FA21B5231300979814 /* Localizable.strings */; };
		BF_102540522666 /* AppContainer.generated.swift in Sources */ = {isa = PBXBuildFile; fileRef = FR_647677293887 /* AppContainer.generated.swift */; };
		BF_191510074000 /* InstanceContainer.generated.swift in Sources */ = {isa = PBXBuildFile; fileRef = FR_870670406904 /* InstanceContainer.generated.swift */; };
		BF_419298012066 /* Scene.generated.swift in Sources */ = {isa = PBXBuildFile; fileRef = FR_379720624693 /* Scene.generated.swift */; };
		BF_771065965569 /* AutoMockable.generated.swift in Sources */ = {isa = PBXBuildFile; fileRef = FR_268999290295 /* AutoMockable.generated.swift */; };
		BF_976085770891 /* ViewControllerContainer.generated.swift in Sources */ = {isa = PBXBuildFile; fileRef = FR_543265800658 /* ViewControllerContainer.generated.swift */; };
/* End PBXBuildFile section */

/* Begin PBXContainerItemProxy section */
		6E173CBD2444608300BEAB68 /* PBXContainerItemProxy */ = {
			isa = PBXContainerItemProxy;
			containerPortal = 8D617C4F21B40901009D2113 /* Project object */;
			proxyType = 1;
			remoteGlobalIDString = 6E173CB72444608300BEAB68;
			remoteInfo = Domain;
		};
		6E173CCF244460C800BEAB68 /* PBXContainerItemProxy */ = {
			isa = PBXContainerItemProxy;
			containerPortal = 8D617C4F21B40901009D2113 /* Project object */;
			proxyType = 1;
			remoteGlobalIDString = 6E173CC9244460C800BEAB68;
			remoteInfo = Data;
		};
		6E173CD82444617500BEAB68 /* PBXContainerItemProxy */ = {
			isa = PBXContainerItemProxy;
			containerPortal = 8D617C4F21B40901009D2113 /* Project object */;
			proxyType = 1;
			remoteGlobalIDString = 6E173CB72444608300BEAB68;
			remoteInfo = Domain;
		};
/* End PBXContainerItemProxy section */

/* Begin PBXCopyFilesBuildPhase section */
		6E173CC42444608300BEAB68 /* Embed Frameworks */ = {
			isa = PBXCopyFilesBuildPhase;
			buildActionMask = 2147483647;
			dstPath = "";
			dstSubfolderSpec = 10;
			files = (
				6E173CD2244460C800BEAB68 /* Data.framework in Embed Frameworks */,
				6E173CC02444608300BEAB68 /* Domain.framework in Embed Frameworks */,
			);
			name = "Embed Frameworks";
			runOnlyForDeploymentPostprocessing = 0;
		};
		6E173CDA2444617500BEAB68 /* Embed Frameworks */ = {
			isa = PBXCopyFilesBuildPhase;
			buildActionMask = 2147483647;
			dstPath = "";
			dstSubfolderSpec = 10;
			files = (
				6E173CD72444617500BEAB68 /* Domain.framework in Embed Frameworks */,
			);
			name = "Embed Frameworks";
			runOnlyForDeploymentPostprocessing = 0;
		};
/* End PBXCopyFilesBuildPhase section */

/* Begin PBXFileReference section */
		12F3E0D3D488784B848C167C /* Pods-Data.debug.xcconfig */ = {isa = PBXFileReference; includeInIndex = 1; lastKnownFileType = text.xcconfig; name = "Pods-Data.debug.xcconfig"; path = "Pods/Target Support Files/Pods-Data/Pods-Data.debug.xcconfig"; sourceTree = "<group>"; };
		20EA91C9C75D9D0B2C50956D /* Pods-Data.release.xcconfig */ = {isa = PBXFileReference; includeInIndex = 1; lastKnownFileType = text.xcconfig; name = "Pods-Data.release.xcconfig"; path = "Pods/Target Support Files/Pods-Data/Pods-Data.release.xcconfig"; sourceTree = "<group>"; };
		27C05A36BDCDE589C7B1BB1D /* Pods_MVVM_DemoTests.framework */ = {isa = PBXFileReference; explicitFileType = wrapper.framework; includeInIndex = 0; path = Pods_MVVM_DemoTests.framework; sourceTree = BUILT_PRODUCTS_DIR; };
		280C9CA86D2B0364D79E99EF /* Pods-Application.release.xcconfig */ = {isa = PBXFileReference; includeInIndex = 1; lastKnownFileType = text.xcconfig; name = "Pods-Application.release.xcconfig"; path = "Pods/Target Support Files/Pods-Application/Pods-Application.release.xcconfig"; sourceTree = "<group>"; };
		5211262445F747E40910E462 /* Pods-Domain.release.xcconfig */ = {isa = PBXFileReference; includeInIndex = 1; lastKnownFileType = text.xcconfig; name = "Pods-Domain.release.xcconfig"; path = "Pods/Target Support Files/Pods-Domain/Pods-Domain.release.xcconfig"; sourceTree = "<group>"; };
		6E173CB82444608300BEAB68 /* Domain.framework */ = {isa = PBXFileReference; explicitFileType = wrapper.framework; includeInIndex = 0; path = Domain.framework; sourceTree = BUILT_PRODUCTS_DIR; };
		6E173CBA2444608300BEAB68 /* Domain.h */ = {isa = PBXFileReference; lastKnownFileType = sourcecode.c.h; path = Domain.h; sourceTree = "<group>"; };
		6E173CBB2444608300BEAB68 /* Info.plist */ = {isa = PBXFileReference; lastKnownFileType = text.plist.xml; path = Info.plist; sourceTree = "<group>"; };
		6E173CCA244460C800BEAB68 /* Data.framework */ = {isa = PBXFileReference; explicitFileType = wrapper.framework; includeInIndex = 0; path = Data.framework; sourceTree = BUILT_PRODUCTS_DIR; };
		6E173CCC244460C800BEAB68 /* Data.h */ = {isa = PBXFileReference; lastKnownFileType = sourcecode.c.h; path = Data.h; sourceTree = "<group>"; };
		6E173CCD244460C800BEAB68 /* Info.plist */ = {isa = PBXFileReference; lastKnownFileType = text.plist.xml; path = Info.plist; sourceTree = "<group>"; };
		6E757A73244797A900154249 /* User.swift */ = {isa = PBXFileReference; lastKnownFileType = sourcecode.swift; path = User.swift; sourceTree = "<group>"; };
		6E757A75244797FE00154249 /* UserType.swift */ = {isa = PBXFileReference; lastKnownFileType = sourcecode.swift; path = UserType.swift; sourceTree = "<group>"; };
		6E757A7E24479E4700154249 /* AuthServiceImpl.swift */ = {isa = PBXFileReference; lastKnownFileType = sourcecode.swift; path = AuthServiceImpl.swift; sourceTree = "<group>"; };
		6E757A822447A3A800154249 /* AuthRepository.swift */ = {isa = PBXFileReference; lastKnownFileType = sourcecode.swift; path = AuthRepository.swift; sourceTree = "<group>"; };
		6E757A842447A40F00154249 /* AuthRepositoryImpl.swift */ = {isa = PBXFileReference; lastKnownFileType = sourcecode.swift; path = AuthRepositoryImpl.swift; sourceTree = "<group>"; };
		6E757A862447A4FD00154249 /* UserDefaultsManager.swift */ = {isa = PBXFileReference; lastKnownFileType = sourcecode.swift; path = UserDefaultsManager.swift; sourceTree = "<group>"; };
		6E757A8B2447ABF700154249 /* SaveUserUseCase.swift */ = {isa = PBXFileReference; lastKnownFileType = sourcecode.swift; path = SaveUserUseCase.swift; sourceTree = "<group>"; };
		6E757A8F2447ACF100154249 /* GetPostsUseCase.swift */ = {isa = PBXFileReference; lastKnownFileType = sourcecode.swift; path = GetPostsUseCase.swift; sourceTree = "<group>"; };
		6E757A912447AD6E00154249 /* GetPostByIdUseCase.swift */ = {isa = PBXFileReference; lastKnownFileType = sourcecode.swift; path = GetPostByIdUseCase.swift; sourceTree = "<group>"; };
		6E757A932447AF1F00154249 /* GetUserUseCase.swift */ = {isa = PBXFileReference; lastKnownFileType = sourcecode.swift; path = GetUserUseCase.swift; sourceTree = "<group>"; };
		6E757A952447AF8100154249 /* LogoutUserUseCase.swift */ = {isa = PBXFileReference; lastKnownFileType = sourcecode.swift; path = LogoutUserUseCase.swift; sourceTree = "<group>"; };
		6E757A972447B03000154249 /* IsUserLoggedInUseCase.swift */ = {isa = PBXFileReference; lastKnownFileType = sourcecode.swift; path = IsUserLoggedInUseCase.swift; sourceTree = "<group>"; };
		6E757A992447B7BD00154249 /* PostServiceImpl.swift */ = {isa = PBXFileReference; lastKnownFileType = sourcecode.swift; path = PostServiceImpl.swift; sourceTree = "<group>"; };
		6E81AF27244472110067DA7E /* LoginUserUseCase.swift */ = {isa = PBXFileReference; lastKnownFileType = sourcecode.swift; path = LoginUserUseCase.swift; sourceTree = "<group>"; };
		6EBAFF78244482D10077C927 /* ViewModelType.swift */ = {isa = PBXFileReference; lastKnownFileType = sourcecode.swift; path = ViewModelType.swift; sourceTree = "<group>"; };
		6EBAFF7A244482E80077C927 /* Configurable.swift */ = {isa = PBXFileReference; lastKnownFileType = sourcecode.swift; path = Configurable.swift; sourceTree = "<group>"; };
		6EBAFF802444844B0077C927 /* MVVMController.swift */ = {isa = PBXFileReference; lastKnownFileType = sourcecode.swift; path = MVVMController.swift; sourceTree = "<group>"; };
		6EBAFF84244485220077C927 /* LoginViewController.swift */ = {isa = PBXFileReference; lastKnownFileType = sourcecode.swift; path = LoginViewController.swift; sourceTree = "<group>"; };
		6EBAFF85244485220077C927 /* LoginViewModel.swift */ = {isa = PBXFileReference; lastKnownFileType = sourcecode.swift; path = LoginViewModel.swift; sourceTree = "<group>"; };
		6EBAFF88244497120077C927 /* SceneTransition.swift */ = {isa = PBXFileReference; lastKnownFileType = sourcecode.swift; path = SceneTransition.swift; sourceTree = "<group>"; };
		6EBAFF8A2444981E0077C927 /* SceneCoordinatorType.swift */ = {isa = PBXFileReference; lastKnownFileType = sourcecode.swift; path = SceneCoordinatorType.swift; sourceTree = "<group>"; };
		6EBAFF8C244499650077C927 /* SceneCoordinator.swift */ = {isa = PBXFileReference; lastKnownFileType = sourcecode.swift; path = SceneCoordinator.swift; sourceTree = "<group>"; };
		6EBAFF8E24449BE20077C927 /* CoordinatorVC.swift */ = {isa = PBXFileReference; lastKnownFileType = sourcecode.swift; path = CoordinatorVC.swift; sourceTree = "<group>"; };
		6EBAFF9124449D270077C927 /* UIViewControllerExt.swift */ = {isa = PBXFileReference; lastKnownFileType = sourcecode.swift; path = UIViewControllerExt.swift; sourceTree = "<group>"; };
		6EBAFF9424449FCB0077C927 /* ManualRegistration.swift */ = {isa = PBXFileReference; lastKnownFileType = sourcecode.swift; path = ManualRegistration.swift; sourceTree = "<group>"; };
		6EBAFF9A2444A3630077C927 /* LoginRequestData.swift */ = {isa = PBXFileReference; lastKnownFileType = sourcecode.swift; path = LoginRequestData.swift; sourceTree = "<group>"; };
		6EBAFF9C2444A36C0077C927 /* LoginResponseData.swift */ = {isa = PBXFileReference; lastKnownFileType = sourcecode.swift; path = LoginResponseData.swift; sourceTree = "<group>"; };
		6EBAFFA22444A56B0077C927 /* NetworkError.swift */ = {isa = PBXFileReference; lastKnownFileType = sourcecode.swift; path = NetworkError.swift; sourceTree = "<group>"; };
		6EBAFFA52444A69E0077C927 /* UserRepository.swift */ = {isa = PBXFileReference; lastKnownFileType = sourcecode.swift; path = UserRepository.swift; sourceTree = "<group>"; };
		6EBAFFA72444A6FB0077C927 /* UserRepositoryImpl.swift */ = {isa = PBXFileReference; lastKnownFileType = sourcecode.swift; path = UserRepositoryImpl.swift; sourceTree = "<group>"; };
		6EBAFFAE2444BDD00077C927 /* StartScreenViewController.swift */ = {isa = PBXFileReference; lastKnownFileType = sourcecode.swift; path = StartScreenViewController.swift; sourceTree = "<group>"; };
		6EBAFFAF2444BDD00077C927 /* StartScreenViewModel.swift */ = {isa = PBXFileReference; lastKnownFileType = sourcecode.swift; path = StartScreenViewModel.swift; sourceTree = "<group>"; };
		6EBAFFB62444C9DC0077C927 /* PostListViewController.swift */ = {isa = PBXFileReference; lastKnownFileType = sourcecode.swift; path = PostListViewController.swift; sourceTree = "<group>"; };
		6EBAFFB72444C9DC0077C927 /* PostListViewModel.swift */ = {isa = PBXFileReference; lastKnownFileType = sourcecode.swift; path = PostListViewModel.swift; sourceTree = "<group>"; };
		6EBAFFBF2444D8940077C927 /* ApiService.swift */ = {isa = PBXFileReference; lastKnownFileType = sourcecode.swift; path = ApiService.swift; sourceTree = "<group>"; };
		6EBAFFC12444D8AA0077C927 /* ApiConfig.swift */ = {isa = PBXFileReference; lastKnownFileType = sourcecode.swift; path = ApiConfig.swift; sourceTree = "<group>"; };
		6EBAFFC32444DBE10077C927 /* ApiNetwork.swift */ = {isa = PBXFileReference; lastKnownFileType = sourcecode.swift; path = ApiNetwork.swift; sourceTree = "<group>"; };
		6EBAFFC52444E4E30077C927 /* Post.swift */ = {isa = PBXFileReference; lastKnownFileType = sourcecode.swift; path = Post.swift; sourceTree = "<group>"; };
		6EBAFFC72444E5350077C927 /* PostService.swift */ = {isa = PBXFileReference; lastKnownFileType = sourcecode.swift; path = PostService.swift; sourceTree = "<group>"; };
		6EBAFFCC2444E68D0077C927 /* PostRepository.swift */ = {isa = PBXFileReference; lastKnownFileType = sourcecode.swift; path = PostRepository.swift; sourceTree = "<group>"; };
		6EBAFFCE2444E6C80077C927 /* PostRepositoryImpl.swift */ = {isa = PBXFileReference; lastKnownFileType = sourcecode.swift; path = PostRepositoryImpl.swift; sourceTree = "<group>"; };
		6EBAFFD92444E90A0077C927 /* PostListItemViewDataMapper.swift */ = {isa = PBXFileReference; lastKnownFileType = sourcecode.swift; path = PostListItemViewDataMapper.swift; sourceTree = "<group>"; };
		6EBAFFDB2444ECA90077C927 /* ResultExt.swift */ = {isa = PBXFileReference; lastKnownFileType = sourcecode.swift; path = ResultExt.swift; sourceTree = "<group>"; };
		6EC20D842445927100AC8956 /* PostListItemCell.swift */ = {isa = PBXFileReference; lastKnownFileType = sourcecode.swift; path = PostListItemCell.swift; sourceTree = "<group>"; };
		6EC20D86244592CC00AC8956 /* Reusable.swift */ = {isa = PBXFileReference; lastKnownFileType = sourcecode.swift; path = Reusable.swift; sourceTree = "<group>"; };
		6EC20D882445941500AC8956 /* UITableViewCellExt.swift */ = {isa = PBXFileReference; lastKnownFileType = sourcecode.swift; path = UITableViewCellExt.swift; sourceTree = "<group>"; };
		6EC20D8A2445943500AC8956 /* UITableViewExt.swift */ = {isa = PBXFileReference; lastKnownFileType = sourcecode.swift; path = UITableViewExt.swift; sourceTree = "<group>"; };
		6EC20D8C244595B800AC8956 /* NibLoadable.swift */ = {isa = PBXFileReference; lastKnownFileType = sourcecode.swift; path = NibLoadable.swift; sourceTree = "<group>"; };
		6EC20D8E244595CE00AC8956 /* UIViewExt.swift */ = {isa = PBXFileReference; lastKnownFileType = sourcecode.swift; path = UIViewExt.swift; sourceTree = "<group>"; };
		6EC20D912445A10800AC8956 /* UITableViewRx.swift */ = {isa = PBXFileReference; lastKnownFileType = sourcecode.swift; path = UITableViewRx.swift; sourceTree = "<group>"; };
		6EC20D932445AECB00AC8956 /* KeychainAccessManager.swift */ = {isa = PBXFileReference; lastKnownFileType = sourcecode.swift; path = KeychainAccessManager.swift; sourceTree = "<group>"; };
		6EC20D962445B0E300AC8956 /* NotificationManager.swift */ = {isa = PBXFileReference; lastKnownFileType = sourcecode.swift; path = NotificationManager.swift; sourceTree = "<group>"; };
		6EC20D982445B2B300AC8956 /* NotificationNameExt.swift */ = {isa = PBXFileReference; lastKnownFileType = sourcecode.swift; path = NotificationNameExt.swift; sourceTree = "<group>"; };
		6EC20D9A2445B3D900AC8956 /* AuthService.swift */ = {isa = PBXFileReference; lastKnownFileType = sourcecode.swift; path = AuthService.swift; sourceTree = "<group>"; };
		6EC20D9D2445B7FA00AC8956 /* LoginViewDataMapper.swift */ = {isa = PBXFileReference; lastKnownFileType = sourcecode.swift; path = LoginViewDataMapper.swift; sourceTree = "<group>"; };
		6EC20D9F2445BFA400AC8956 /* UIViewRx.swift */ = {isa = PBXFileReference; lastKnownFileType = sourcecode.swift; path = UIViewRx.swift; sourceTree = "<group>"; };
		6EC20DA22445CC7B00AC8956 /* PostDetailsViewController.swift */ = {isa = PBXFileReference; lastKnownFileType = sourcecode.swift; path = PostDetailsViewController.swift; sourceTree = "<group>"; };
		6EC20DA32445CC7B00AC8956 /* PostDetailsViewModel.swift */ = {isa = PBXFileReference; lastKnownFileType = sourcecode.swift; path = PostDetailsViewModel.swift; sourceTree = "<group>"; };
		6EC20DA82445CF0600AC8956 /* PostDetailsViewDataMapper.swift */ = {isa = PBXFileReference; lastKnownFileType = sourcecode.swift; path = PostDetailsViewDataMapper.swift; sourceTree = "<group>"; };
		6EC20DAA2445D02C00AC8956 /* ObservableTypeExt.swift */ = {isa = PBXFileReference; lastKnownFileType = sourcecode.swift; path = ObservableTypeExt.swift; sourceTree = "<group>"; };
		73BD1C39E1DA65DFDD4CD615 /* Pods-MVVM-Demo.release.xcconfig */ = {isa = PBXFileReference; includeInIndex = 1; lastKnownFileType = text.xcconfig; name = "Pods-MVVM-Demo.release.xcconfig"; path = "Pods/Target Support Files/Pods-MVVM-Demo/Pods-MVVM-Demo.release.xcconfig"; sourceTree = "<group>"; };
		7C55407E6D899D92C7853DF0 /* Pods-Application.debug.xcconfig */ = {isa = PBXFileReference; includeInIndex = 1; lastKnownFileType = text.xcconfig; name = "Pods-Application.debug.xcconfig"; path = "Pods/Target Support Files/Pods-Application/Pods-Application.debug.xcconfig"; sourceTree = "<group>"; };
		8D617C5721B40901009D2113 /* Presentation.app */ = {isa = PBXFileReference; explicitFileType = wrapper.application; includeInIndex = 0; path = Presentation.app; sourceTree = BUILT_PRODUCTS_DIR; };
		8D617C5A21B40901009D2113 /* AppDelegate.swift */ = {isa = PBXFileReference; lastKnownFileType = sourcecode.swift; path = AppDelegate.swift; sourceTree = "<group>"; };
		8D617C6421B40902009D2113 /* Assets.xcassets */ = {isa = PBXFileReference; lastKnownFileType = folder.assetcatalog; path = Assets.xcassets; sourceTree = "<group>"; };
		8D617C6721B40902009D2113 /* Base */ = {isa = PBXFileReference; lastKnownFileType = file.storyboard; name = Base; path = Base.lproj/LaunchScreen.storyboard; sourceTree = "<group>"; };
		8D617C6921B40902009D2113 /* Info.plist */ = {isa = PBXFileReference; lastKnownFileType = text.plist.xml; path = Info.plist; sourceTree = "<group>"; };
		8D9D63F921B5231300979814 /* en */ = {isa = PBXFileReference; lastKnownFileType = text.plist.strings; name = en; path = en.lproj/Localizable.strings; sourceTree = "<group>"; };
		8E99E9B53E8034D35EC01DDA /* Pods_Domain.framework */ = {isa = PBXFileReference; explicitFileType = wrapper.framework; includeInIndex = 0; path = Pods_Domain.framework; sourceTree = BUILT_PRODUCTS_DIR; };
		902B4DB8FA87F9C99FAE9E99 /* Pods-MVVM-DemoTests.release.xcconfig */ = {isa = PBXFileReference; includeInIndex = 1; lastKnownFileType = text.xcconfig; name = "Pods-MVVM-DemoTests.release.xcconfig"; path = "Pods/Target Support Files/Pods-MVVM-DemoTests/Pods-MVVM-DemoTests.release.xcconfig"; sourceTree = "<group>"; };
		946049643591A66991C45353 /* Pods-Domain.debug.xcconfig */ = {isa = PBXFileReference; includeInIndex = 1; lastKnownFileType = text.xcconfig; name = "Pods-Domain.debug.xcconfig"; path = "Pods/Target Support Files/Pods-Domain/Pods-Domain.debug.xcconfig"; sourceTree = "<group>"; };
		B6EFCA11D39FF92FBCB6F240 /* Pods-MVVM-Demo.debug.xcconfig */ = {isa = PBXFileReference; includeInIndex = 1; lastKnownFileType = text.xcconfig; name = "Pods-MVVM-Demo.debug.xcconfig"; path = "Pods/Target Support Files/Pods-MVVM-Demo/Pods-MVVM-Demo.debug.xcconfig"; sourceTree = "<group>"; };
		CAF03F00BB4C4D0564BF4B3A /* Pods-MVVM-DemoTests.debug.xcconfig */ = {isa = PBXFileReference; includeInIndex = 1; lastKnownFileType = text.xcconfig; name = "Pods-MVVM-DemoTests.debug.xcconfig"; path = "Pods/Target Support Files/Pods-MVVM-DemoTests/Pods-MVVM-DemoTests.debug.xcconfig"; sourceTree = "<group>"; };
		D107B207F00A400915A5AFD7 /* Pods-Presentation.debug.xcconfig */ = {isa = PBXFileReference; includeInIndex = 1; lastKnownFileType = text.xcconfig; name = "Pods-Presentation.debug.xcconfig"; path = "Pods/Target Support Files/Pods-Presentation/Pods-Presentation.debug.xcconfig"; sourceTree = "<group>"; };
		E555CF8858FB503AD37DA82B /* Pods-Presentation.release.xcconfig */ = {isa = PBXFileReference; includeInIndex = 1; lastKnownFileType = text.xcconfig; name = "Pods-Presentation.release.xcconfig"; path = "Pods/Target Support Files/Pods-Presentation/Pods-Presentation.release.xcconfig"; sourceTree = "<group>"; };
		EC2A47652E81F312CF55A922 /* Pods_Presentation.framework */ = {isa = PBXFileReference; explicitFileType = wrapper.framework; includeInIndex = 0; path = Pods_Presentation.framework; sourceTree = BUILT_PRODUCTS_DIR; };
		FA422CC581228C396FA86C78 /* Pods_Data.framework */ = {isa = PBXFileReference; explicitFileType = wrapper.framework; includeInIndex = 0; path = Pods_Data.framework; sourceTree = BUILT_PRODUCTS_DIR; };
		FR_268999290295 /* AutoMockable.generated.swift */ = {isa = PBXFileReference; explicitFileType = sourcecode.swift; path = AutoMockable.generated.swift; sourceTree = "<group>"; };
		FR_379720624693 /* Scene.generated.swift */ = {isa = PBXFileReference; explicitFileType = sourcecode.swift; path = Scene.generated.swift; sourceTree = "<group>"; };
		FR_543265800658 /* ViewControllerContainer.generated.swift */ = {isa = PBXFileReference; explicitFileType = sourcecode.swift; path = ViewControllerContainer.generated.swift; sourceTree = "<group>"; };
		FR_647677293887 /* AppContainer.generated.swift */ = {isa = PBXFileReference; explicitFileType = sourcecode.swift; path = AppContainer.generated.swift; sourceTree = "<group>"; };
		FR_870670406904 /* InstanceContainer.generated.swift */ = {isa = PBXFileReference; explicitFileType = sourcecode.swift; path = InstanceContainer.generated.swift; sourceTree = "<group>"; };
/* End PBXFileReference section */

/* Begin PBXFrameworksBuildPhase section */
		6E173CB52444608300BEAB68 /* Frameworks */ = {
			isa = PBXFrameworksBuildPhase;
			buildActionMask = 2147483647;
			files = (
				5407D85AF4BE72EE99BDDC10 /* Pods_Domain.framework in Frameworks */,
			);
			runOnlyForDeploymentPostprocessing = 0;
		};
		6E173CC7244460C800BEAB68 /* Frameworks */ = {
			isa = PBXFrameworksBuildPhase;
			buildActionMask = 2147483647;
			files = (
				6E173CD62444617500BEAB68 /* Domain.framework in Frameworks */,
				83FA7D4E22A21D405F4F993D /* Pods_Data.framework in Frameworks */,
			);
			runOnlyForDeploymentPostprocessing = 0;
		};
		8D617C5421B40901009D2113 /* Frameworks */ = {
			isa = PBXFrameworksBuildPhase;
			buildActionMask = 2147483647;
			files = (
				6E173CD1244460C800BEAB68 /* Data.framework in Frameworks */,
				6E173CBF2444608300BEAB68 /* Domain.framework in Frameworks */,
				3104B76BAD7A004899D59E37 /* Pods_Presentation.framework in Frameworks */,
			);
			runOnlyForDeploymentPostprocessing = 0;
		};
/* End PBXFrameworksBuildPhase section */

/* Begin PBXGroup section */
		18534B7FFCA5372517363B45 /* Pods */ = {
			isa = PBXGroup;
			children = (
				B6EFCA11D39FF92FBCB6F240 /* Pods-MVVM-Demo.debug.xcconfig */,
				73BD1C39E1DA65DFDD4CD615 /* Pods-MVVM-Demo.release.xcconfig */,
				CAF03F00BB4C4D0564BF4B3A /* Pods-MVVM-DemoTests.debug.xcconfig */,
				902B4DB8FA87F9C99FAE9E99 /* Pods-MVVM-DemoTests.release.xcconfig */,
				7C55407E6D899D92C7853DF0 /* Pods-Application.debug.xcconfig */,
				280C9CA86D2B0364D79E99EF /* Pods-Application.release.xcconfig */,
				12F3E0D3D488784B848C167C /* Pods-Data.debug.xcconfig */,
				20EA91C9C75D9D0B2C50956D /* Pods-Data.release.xcconfig */,
				946049643591A66991C45353 /* Pods-Domain.debug.xcconfig */,
				5211262445F747E40910E462 /* Pods-Domain.release.xcconfig */,
				D107B207F00A400915A5AFD7 /* Pods-Presentation.debug.xcconfig */,
				E555CF8858FB503AD37DA82B /* Pods-Presentation.release.xcconfig */,
			);
			name = Pods;
			sourceTree = "<group>";
		};
		6E173CB92444608300BEAB68 /* Domain */ = {
			isa = PBXGroup;
			children = (
				6E173CDF2444630700BEAB68 /* Repository */,
				6E173CDC244462B900BEAB68 /* UseCase */,
				6E173CDB2444628900BEAB68 /* Entity */,
				6E173CBA2444608300BEAB68 /* Domain.h */,
				6E173CBB2444608300BEAB68 /* Info.plist */,
			);
			path = Domain;
			sourceTree = "<group>";
		};
		6E173CCB244460C800BEAB68 /* Data */ = {
			isa = PBXGroup;
			children = (
				6EC20D952445B0D600AC8956 /* Notifications */,
				6E757A7724479C7F00154249 /* Network */,
				6E173CDE244462CC00BEAB68 /* Persistence */,
				6E173CE02444632B00BEAB68 /* Repository */,
				6E173CCC244460C800BEAB68 /* Data.h */,
				6E173CCD244460C800BEAB68 /* Info.plist */,
			);
			path = Data;
			sourceTree = "<group>";
		};
		6E173CDB2444628900BEAB68 /* Entity */ = {
			isa = PBXGroup;
			children = (
				6EBAFFA12444A5610077C927 /* Enum */,
				6EBAFFA02444A55C0077C927 /* Models */,
			);
			path = Entity;
			sourceTree = "<group>";
		};
		6E173CDC244462B900BEAB68 /* UseCase */ = {
			isa = PBXGroup;
			children = (
				6E757A8A2447ABE500154249 /* User */,
				6E757A8D2447ACD900154249 /* Post */,
				6E81AF25244471F30067DA7E /* Authentication */,
			);
			path = UseCase;
			sourceTree = "<group>";
		};
		6E173CDE244462CC00BEAB68 /* Persistence */ = {
			isa = PBXGroup;
			children = (
				6EBAFFAC2444AA090077C927 /* Storage */,
				6E173CE22444633D00BEAB68 /* UserDefaults */,
				6E173CE12444633600BEAB68 /* CoreData */,
			);
			path = Persistence;
			sourceTree = "<group>";
		};
		6E173CDF2444630700BEAB68 /* Repository */ = {
			isa = PBXGroup;
			children = (
				6E757A822447A3A800154249 /* AuthRepository.swift */,
				6EBAFFA52444A69E0077C927 /* UserRepository.swift */,
				6EBAFFCC2444E68D0077C927 /* PostRepository.swift */,
			);
			path = Repository;
			sourceTree = "<group>";
		};
		6E173CE02444632B00BEAB68 /* Repository */ = {
			isa = PBXGroup;
			children = (
				6E757A842447A40F00154249 /* AuthRepositoryImpl.swift */,
				6EBAFFA72444A6FB0077C927 /* UserRepositoryImpl.swift */,
				6EBAFFCE2444E6C80077C927 /* PostRepositoryImpl.swift */,
			);
			path = Repository;
			sourceTree = "<group>";
		};
		6E173CE12444633600BEAB68 /* CoreData */ = {
			isa = PBXGroup;
			children = (
			);
			path = CoreData;
			sourceTree = "<group>";
		};
		6E173CE22444633D00BEAB68 /* UserDefaults */ = {
			isa = PBXGroup;
			children = (
				6E757A862447A4FD00154249 /* UserDefaultsManager.swift */,
				6EC20D932445AECB00AC8956 /* KeychainAccessManager.swift */,
			);
			path = UserDefaults;
			sourceTree = "<group>";
		};
		6E173CE32444637D00BEAB68 /* Generated */ = {
			isa = PBXGroup;
			children = (
				FR_647677293887 /* AppContainer.generated.swift */,
				FR_268999290295 /* AutoMockable.generated.swift */,
				FR_870670406904 /* InstanceContainer.generated.swift */,
				FR_379720624693 /* Scene.generated.swift */,
				FR_543265800658 /* ViewControllerContainer.generated.swift */,
			);
			path = Generated;
			sourceTree = "<group>";
		};
		6E757A7724479C7F00154249 /* Network */ = {
			isa = PBXGroup;
			children = (
				6EBAFFAA2444A9EC0077C927 /* API */,
				6EBAFFAB2444A9F10077C927 /* Service */,
			);
			path = Network;
			sourceTree = "<group>";
		};
		6E757A7924479CB500154249 /* AuthService */ = {
			isa = PBXGroup;
			children = (
				6EC20D9A2445B3D900AC8956 /* AuthService.swift */,
				6E757A7E24479E4700154249 /* AuthServiceImpl.swift */,
			);
			path = AuthService;
			sourceTree = "<group>";
		};
		6E757A7D24479D3400154249 /* PostService */ = {
			isa = PBXGroup;
			children = (
				6EBAFFC72444E5350077C927 /* PostService.swift */,
				6E757A992447B7BD00154249 /* PostServiceImpl.swift */,
			);
			path = PostService;
			sourceTree = "<group>";
		};
		6E757A8A2447ABE500154249 /* User */ = {
			isa = PBXGroup;
			children = (
				6E757A8B2447ABF700154249 /* SaveUserUseCase.swift */,
				6E757A932447AF1F00154249 /* GetUserUseCase.swift */,
				6E757A972447B03000154249 /* IsUserLoggedInUseCase.swift */,
			);
			path = User;
			sourceTree = "<group>";
		};
		6E757A8D2447ACD900154249 /* Post */ = {
			isa = PBXGroup;
			children = (
				6E757A8F2447ACF100154249 /* GetPostsUseCase.swift */,
				6E757A912447AD6E00154249 /* GetPostByIdUseCase.swift */,
			);
			path = Post;
			sourceTree = "<group>";
		};
		6E81AF25244471F30067DA7E /* Authentication */ = {
			isa = PBXGroup;
			children = (
				6E81AF26244471FF0067DA7E /* Login */,
			);
			path = Authentication;
			sourceTree = "<group>";
		};
		6E81AF26244471FF0067DA7E /* Login */ = {
			isa = PBXGroup;
			children = (
				6EBAFF992444A33D0077C927 /* Model */,
				6E81AF27244472110067DA7E /* LoginUserUseCase.swift */,
				6E757A952447AF8100154249 /* LogoutUserUseCase.swift */,
			);
			path = Login;
			sourceTree = "<group>";
		};
		6EBAFF69244481370077C927 /* UI */ = {
			isa = PBXGroup;
			children = (
				6EBAFFAD2444BDB40077C927 /* StartScreen */,
				6EBAFF82244484F80077C927 /* Authentication */,
				6EBAFFB52444C9CD0077C927 /* PostList */,
			);
			path = UI;
			sourceTree = "<group>";
		};
		6EBAFF6A244481410077C927 /* Coordinator */ = {
			isa = PBXGroup;
			children = (
				6EBAFF88244497120077C927 /* SceneTransition.swift */,
				6EBAFF8C244499650077C927 /* SceneCoordinator.swift */,
			);
			path = Coordinator;
			sourceTree = "<group>";
		};
		6EBAFF6B244481710077C927 /* Common */ = {
			isa = PBXGroup;
			children = (
				6EBAFF6C244481A80077C927 /* Constants */,
				6EBAFF71244482060077C927 /* Base */,
				6EBAFF70244481E10077C927 /* Helpers */,
				6EBAFF6F244481D40077C927 /* Views */,
				6EBAFF6E244481B60077C927 /* Protocols */,
				6EBAFF6D244481B00077C927 /* Extensions */,
			);
			path = Common;
			sourceTree = "<group>";
		};
		6EBAFF6C244481A80077C927 /* Constants */ = {
			isa = PBXGroup;
			children = (
			);
			path = Constants;
			sourceTree = "<group>";
		};
		6EBAFF6D244481B00077C927 /* Extensions */ = {
			isa = PBXGroup;
			children = (
				6EC20D902445A0FD00AC8956 /* Rx */,
				6EBAFF9024449D150077C927 /* UIKitExtensions */,
				6EBAFFDB2444ECA90077C927 /* ResultExt.swift */,
			);
			path = Extensions;
			sourceTree = "<group>";
		};
		6EBAFF6E244481B60077C927 /* Protocols */ = {
			isa = PBXGroup;
			children = (
				6EBAFF78244482D10077C927 /* ViewModelType.swift */,
				6EBAFF7A244482E80077C927 /* Configurable.swift */,
				6EBAFF8A2444981E0077C927 /* SceneCoordinatorType.swift */,
				6EC20D86244592CC00AC8956 /* Reusable.swift */,
				6EC20D8C244595B800AC8956 /* NibLoadable.swift */,
			);
			path = Protocols;
			sourceTree = "<group>";
		};
		6EBAFF6F244481D40077C927 /* Views */ = {
			isa = PBXGroup;
			children = (
			);
			path = Views;
			sourceTree = "<group>";
		};
		6EBAFF70244481E10077C927 /* Helpers */ = {
			isa = PBXGroup;
			children = (
			);
			path = Helpers;
			sourceTree = "<group>";
		};
		6EBAFF71244482060077C927 /* Base */ = {
			isa = PBXGroup;
			children = (
				6EBAFF802444844B0077C927 /* MVVMController.swift */,
				6EBAFF8E24449BE20077C927 /* CoordinatorVC.swift */,
			);
			path = Base;
			sourceTree = "<group>";
		};
		6EBAFF82244484F80077C927 /* Authentication */ = {
			isa = PBXGroup;
			children = (
				6EBAFF83244485040077C927 /* Login */,
			);
			path = Authentication;
			sourceTree = "<group>";
		};
		6EBAFF83244485040077C927 /* Login */ = {
			isa = PBXGroup;
			children = (
				6EC20D9C2445B7EB00AC8956 /* Mapper */,
				6EBAFF84244485220077C927 /* LoginViewController.swift */,
				6EBAFF85244485220077C927 /* LoginViewModel.swift */,
			);
			path = Login;
			sourceTree = "<group>";
		};
		6EBAFF9024449D150077C927 /* UIKitExtensions */ = {
			isa = PBXGroup;
			children = (
				6EC20D8E244595CE00AC8956 /* UIViewExt.swift */,
				6EBAFF9124449D270077C927 /* UIViewControllerExt.swift */,
				6EC20D882445941500AC8956 /* UITableViewCellExt.swift */,
				6EC20D8A2445943500AC8956 /* UITableViewExt.swift */,
			);
			path = UIKitExtensions;
			sourceTree = "<group>";
		};
		6EBAFF9324449FBD0077C927 /* DI */ = {
			isa = PBXGroup;
			children = (
				6EBAFF9424449FCB0077C927 /* ManualRegistration.swift */,
			);
			path = DI;
			sourceTree = "<group>";
		};
		6EBAFF992444A33D0077C927 /* Model */ = {
			isa = PBXGroup;
			children = (
				6EBAFF9A2444A3630077C927 /* LoginRequestData.swift */,
				6EBAFF9C2444A36C0077C927 /* LoginResponseData.swift */,
			);
			path = Model;
			sourceTree = "<group>";
		};
		6EBAFFA02444A55C0077C927 /* Models */ = {
			isa = PBXGroup;
			children = (
				6E757A73244797A900154249 /* User.swift */,
				6EBAFFC52444E4E30077C927 /* Post.swift */,
			);
			path = Models;
			sourceTree = "<group>";
		};
		6EBAFFA12444A5610077C927 /* Enum */ = {
			isa = PBXGroup;
			children = (
				6EBAFFA22444A56B0077C927 /* NetworkError.swift */,
				6E757A75244797FE00154249 /* UserType.swift */,
			);
			path = Enum;
			sourceTree = "<group>";
		};
		6EBAFFAA2444A9EC0077C927 /* API */ = {
			isa = PBXGroup;
			children = (
				6EBAFFBF2444D8940077C927 /* ApiService.swift */,
				6EBAFFC12444D8AA0077C927 /* ApiConfig.swift */,
				6EBAFFC32444DBE10077C927 /* ApiNetwork.swift */,
			);
			path = API;
			sourceTree = "<group>";
		};
		6EBAFFAB2444A9F10077C927 /* Service */ = {
			isa = PBXGroup;
			children = (
				6E757A7924479CB500154249 /* AuthService */,
				6E757A7D24479D3400154249 /* PostService */,
			);
			path = Service;
			sourceTree = "<group>";
		};
		6EBAFFAC2444AA090077C927 /* Storage */ = {
			isa = PBXGroup;
			children = (
			);
			path = Storage;
			sourceTree = "<group>";
		};
		6EBAFFAD2444BDB40077C927 /* StartScreen */ = {
			isa = PBXGroup;
			children = (
				6EBAFFAE2444BDD00077C927 /* StartScreenViewController.swift */,
				6EBAFFAF2444BDD00077C927 /* StartScreenViewModel.swift */,
			);
			path = StartScreen;
			sourceTree = "<group>";
		};
		6EBAFFB52444C9CD0077C927 /* PostList */ = {
			isa = PBXGroup;
			children = (
				6EC20DA12445CC6800AC8956 /* PostDetails */,
				6EBAFFD82444E8F70077C927 /* Mapper */,
				6EC20D832445924400AC8956 /* PostListItemCell */,
				6EBAFFB62444C9DC0077C927 /* PostListViewController.swift */,
				6EBAFFB72444C9DC0077C927 /* PostListViewModel.swift */,
			);
			path = PostList;
			sourceTree = "<group>";
		};
		6EBAFFD82444E8F70077C927 /* Mapper */ = {
			isa = PBXGroup;
			children = (
				6EBAFFD92444E90A0077C927 /* PostListItemViewDataMapper.swift */,
				6EC20DA82445CF0600AC8956 /* PostDetailsViewDataMapper.swift */,
			);
			path = Mapper;
			sourceTree = "<group>";
		};
		6EC20D832445924400AC8956 /* PostListItemCell */ = {
			isa = PBXGroup;
			children = (
				6EC20D842445927100AC8956 /* PostListItemCell.swift */,
			);
			path = PostListItemCell;
			sourceTree = "<group>";
		};
		6EC20D902445A0FD00AC8956 /* Rx */ = {
			isa = PBXGroup;
			children = (
				6EC20D912445A10800AC8956 /* UITableViewRx.swift */,
				6EC20D9F2445BFA400AC8956 /* UIViewRx.swift */,
				6EC20DAA2445D02C00AC8956 /* ObservableTypeExt.swift */,
			);
			path = Rx;
			sourceTree = "<group>";
		};
		6EC20D952445B0D600AC8956 /* Notifications */ = {
			isa = PBXGroup;
			children = (
				6EC20D962445B0E300AC8956 /* NotificationManager.swift */,
				6EC20D982445B2B300AC8956 /* NotificationNameExt.swift */,
			);
			path = Notifications;
			sourceTree = "<group>";
		};
		6EC20D9C2445B7EB00AC8956 /* Mapper */ = {
			isa = PBXGroup;
			children = (
				6EC20D9D2445B7FA00AC8956 /* LoginViewDataMapper.swift */,
			);
			path = Mapper;
			sourceTree = "<group>";
		};
		6EC20DA12445CC6800AC8956 /* PostDetails */ = {
			isa = PBXGroup;
			children = (
				6EC20DA22445CC7B00AC8956 /* PostDetailsViewController.swift */,
				6EC20DA32445CC7B00AC8956 /* PostDetailsViewModel.swift */,
			);
			path = PostDetails;
			sourceTree = "<group>";
		};
		8D617C4E21B40901009D2113 = {
			isa = PBXGroup;
			children = (
				8D617C5921B40901009D2113 /* Presentation */,
				6E173CCB244460C800BEAB68 /* Data */,
				6E173CB92444608300BEAB68 /* Domain */,
				6E173CE32444637D00BEAB68 /* Generated */,
				8D617C5821B40901009D2113 /* Products */,
				18534B7FFCA5372517363B45 /* Pods */,
				B49D5A82BB684C084D6A9390 /* Frameworks */,
			);
			sourceTree = "<group>";
		};
		8D617C5821B40901009D2113 /* Products */ = {
			isa = PBXGroup;
			children = (
				8D617C5721B40901009D2113 /* Presentation.app */,
				6E173CB82444608300BEAB68 /* Domain.framework */,
				6E173CCA244460C800BEAB68 /* Data.framework */,
			);
			name = Products;
			sourceTree = "<group>";
		};
		8D617C5921B40901009D2113 /* Presentation */ = {
			isa = PBXGroup;
			children = (
				6EBAFF9324449FBD0077C927 /* DI */,
				6EBAFF6B244481710077C927 /* Common */,
				6EBAFF6A244481410077C927 /* Coordinator */,
				6EBAFF69244481370077C927 /* UI */,
				8D617C5A21B40901009D2113 /* AppDelegate.swift */,
				8D617C6421B40902009D2113 /* Assets.xcassets */,
				8D617C6621B40902009D2113 /* LaunchScreen.storyboard */,
				8D617C6921B40902009D2113 /* Info.plist */,
				8D9D63FA21B5231300979814 /* Localizable.strings */,
			);
			path = Presentation;
			sourceTree = "<group>";
		};
		B49D5A82BB684C084D6A9390 /* Frameworks */ = {
			isa = PBXGroup;
			children = (
				27C05A36BDCDE589C7B1BB1D /* Pods_MVVM_DemoTests.framework */,
				FA422CC581228C396FA86C78 /* Pods_Data.framework */,
				8E99E9B53E8034D35EC01DDA /* Pods_Domain.framework */,
				EC2A47652E81F312CF55A922 /* Pods_Presentation.framework */,
			);
			name = Frameworks;
			sourceTree = "<group>";
		};
/* End PBXGroup section */

/* Begin PBXHeadersBuildPhase section */
		6E173CB32444608300BEAB68 /* Headers */ = {
			isa = PBXHeadersBuildPhase;
			buildActionMask = 2147483647;
			files = (
				6E173CBC2444608300BEAB68 /* Domain.h in Headers */,
			);
			runOnlyForDeploymentPostprocessing = 0;
		};
		6E173CC5244460C800BEAB68 /* Headers */ = {
			isa = PBXHeadersBuildPhase;
			buildActionMask = 2147483647;
			files = (
				6E173CCE244460C800BEAB68 /* Data.h in Headers */,
			);
			runOnlyForDeploymentPostprocessing = 0;
		};
/* End PBXHeadersBuildPhase section */

/* Begin PBXNativeTarget section */
		6E173CB72444608300BEAB68 /* Domain */ = {
			isa = PBXNativeTarget;
			buildConfigurationList = 6E173CC12444608300BEAB68 /* Build configuration list for PBXNativeTarget "Domain" */;
			buildPhases = (
				CE9452054C665A7264A1EBA6 /* [CP] Check Pods Manifest.lock */,
				6E173CB32444608300BEAB68 /* Headers */,
				6E173CB42444608300BEAB68 /* Sources */,
				6E173CB52444608300BEAB68 /* Frameworks */,
				6E173CB62444608300BEAB68 /* Resources */,
			);
			buildRules = (
			);
			dependencies = (
			);
			name = Domain;
			productName = Domain;
			productReference = 6E173CB82444608300BEAB68 /* Domain.framework */;
			productType = "com.apple.product-type.framework";
		};
		6E173CC9244460C800BEAB68 /* Data */ = {
			isa = PBXNativeTarget;
			buildConfigurationList = 6E173CD3244460C800BEAB68 /* Build configuration list for PBXNativeTarget "Data" */;
			buildPhases = (
				82C771C19CBA842674CBF3D5 /* [CP] Check Pods Manifest.lock */,
				6E173CC5244460C800BEAB68 /* Headers */,
				6E173CC6244460C800BEAB68 /* Sources */,
				6E173CC7244460C800BEAB68 /* Frameworks */,
				6E173CC8244460C800BEAB68 /* Resources */,
				6E173CDA2444617500BEAB68 /* Embed Frameworks */,
			);
			buildRules = (
			);
			dependencies = (
				6E173CD92444617500BEAB68 /* PBXTargetDependency */,
			);
			name = Data;
			productName = Data;
			productReference = 6E173CCA244460C800BEAB68 /* Data.framework */;
			productType = "com.apple.product-type.framework";
		};
		8D617C5621B40901009D2113 /* Presentation */ = {
			isa = PBXNativeTarget;
			buildConfigurationList = 8D617C7721B40902009D2113 /* Build configuration list for PBXNativeTarget "Presentation" */;
			buildPhases = (
				782ED0AD3758A42AB513E8A6 /* [CP] Check Pods Manifest.lock */,
				6E173CE52444649F00BEAB68 /* ShellScript */,
				8D617C5321B40901009D2113 /* Sources */,
				8D617C5421B40901009D2113 /* Frameworks */,
				8D617C5521B40901009D2113 /* Resources */,
				6E173CC42444608300BEAB68 /* Embed Frameworks */,
				5A7DC3A242577CA131ACB6BE /* [CP] Embed Pods Frameworks */,
			);
			buildRules = (
			);
			dependencies = (
				6E173CBE2444608300BEAB68 /* PBXTargetDependency */,
				6E173CD0244460C800BEAB68 /* PBXTargetDependency */,
			);
			name = Presentation;
			productName = "MVVM-Demo";
			productReference = 8D617C5721B40901009D2113 /* Presentation.app */;
			productType = "com.apple.product-type.application";
		};
/* End PBXNativeTarget section */

/* Begin PBXProject section */
		8D617C4F21B40901009D2113 /* Project object */ = {
			isa = PBXProject;
			attributes = {
				LastSwiftUpdateCheck = 1010;
				LastUpgradeCheck = 1010;
				ORGANIZATIONNAME = github.com/dinocata;
				TargetAttributes = {
					6E173CB72444608300BEAB68 = {
						CreatedOnToolsVersion = 11.4;
						LastSwiftMigration = 1140;
					};
					6E173CC9244460C800BEAB68 = {
						CreatedOnToolsVersion = 11.4;
						LastSwiftMigration = 1140;
					};
					8D617C5621B40901009D2113 = {
						CreatedOnToolsVersion = 10.1;
					};
				};
			};
			buildConfigurationList = 8D617C5221B40901009D2113 /* Build configuration list for PBXProject "MVVM-Demo" */;
			compatibilityVersion = "Xcode 9.3";
			developmentRegion = en;
			hasScannedForEncodings = 0;
			knownRegions = (
				en,
				Base,
			);
			mainGroup = 8D617C4E21B40901009D2113;
			productRefGroup = 8D617C5821B40901009D2113 /* Products */;
			projectDirPath = "";
			projectRoot = "";
			targets = (
				8D617C5621B40901009D2113 /* Presentation */,
				6E173CB72444608300BEAB68 /* Domain */,
				6E173CC9244460C800BEAB68 /* Data */,
			);
		};
/* End PBXProject section */

/* Begin PBXResourcesBuildPhase section */
		6E173CB62444608300BEAB68 /* Resources */ = {
			isa = PBXResourcesBuildPhase;
			buildActionMask = 2147483647;
			files = (
			);
			runOnlyForDeploymentPostprocessing = 0;
		};
		6E173CC8244460C800BEAB68 /* Resources */ = {
			isa = PBXResourcesBuildPhase;
			buildActionMask = 2147483647;
			files = (
			);
			runOnlyForDeploymentPostprocessing = 0;
		};
		8D617C5521B40901009D2113 /* Resources */ = {
			isa = PBXResourcesBuildPhase;
			buildActionMask = 2147483647;
			files = (
				8D9D63F821B5231300979814 /* Localizable.strings in Resources */,
				8D617C6821B40902009D2113 /* LaunchScreen.storyboard in Resources */,
				8D617C6521B40902009D2113 /* Assets.xcassets in Resources */,
			);
			runOnlyForDeploymentPostprocessing = 0;
		};
/* End PBXResourcesBuildPhase section */

/* Begin PBXShellScriptBuildPhase section */
		5A7DC3A242577CA131ACB6BE /* [CP] Embed Pods Frameworks */ = {
			isa = PBXShellScriptBuildPhase;
			buildActionMask = 2147483647;
			files = (
			);
			inputPaths = (
			);
			name = "[CP] Embed Pods Frameworks";
			outputPaths = (
			);
			runOnlyForDeploymentPostprocessing = 0;
			shellPath = /bin/sh;
			shellScript = "\"${PODS_ROOT}/Target Support Files/Pods-Presentation/Pods-Presentation-frameworks.sh\"\n";
			showEnvVarsInLog = 0;
		};
		6E173CE52444649F00BEAB68 /* ShellScript */ = {
			isa = PBXShellScriptBuildPhase;
			buildActionMask = 2147483647;
			files = (
			);
			inputPaths = (
			);
			outputPaths = (
			);
			runOnlyForDeploymentPostprocessing = 0;
			shellPath = /bin/sh;
			shellScript = "\"$PODS_ROOT/Sourcery/bin/sourcery\" --config .sourcery.yml\n\"${PODS_ROOT}/SwiftLint/swiftlint\"\n";
		};
		782ED0AD3758A42AB513E8A6 /* [CP] Check Pods Manifest.lock */ = {
			isa = PBXShellScriptBuildPhase;
			buildActionMask = 2147483647;
			files = (
			);
			inputPaths = (
				"${PODS_PODFILE_DIR_PATH}/Podfile.lock",
				"${PODS_ROOT}/Manifest.lock",
			);
			name = "[CP] Check Pods Manifest.lock";
			outputPaths = (
				"$(DERIVED_FILE_DIR)/Pods-Presentation-checkManifestLockResult.txt",
			);
			runOnlyForDeploymentPostprocessing = 0;
			shellPath = /bin/sh;
			shellScript = "diff \"${PODS_PODFILE_DIR_PATH}/Podfile.lock\" \"${PODS_ROOT}/Manifest.lock\" > /dev/null\nif [ $? != 0 ] ; then\n    # print error to STDERR\n    echo \"error: The sandbox is not in sync with the Podfile.lock. Run 'pod install' or update your CocoaPods installation.\" >&2\n    exit 1\nfi\n# This output is used by Xcode 'outputs' to avoid re-running this script phase.\necho \"SUCCESS\" > \"${SCRIPT_OUTPUT_FILE_0}\"\n";
			showEnvVarsInLog = 0;
		};
		82C771C19CBA842674CBF3D5 /* [CP] Check Pods Manifest.lock */ = {
			isa = PBXShellScriptBuildPhase;
			buildActionMask = 2147483647;
			files = (
			);
			inputPaths = (
				"${PODS_PODFILE_DIR_PATH}/Podfile.lock",
				"${PODS_ROOT}/Manifest.lock",
			);
			name = "[CP] Check Pods Manifest.lock";
			outputPaths = (
				"$(DERIVED_FILE_DIR)/Pods-Data-checkManifestLockResult.txt",
			);
			runOnlyForDeploymentPostprocessing = 0;
			shellPath = /bin/sh;
			shellScript = "diff \"${PODS_PODFILE_DIR_PATH}/Podfile.lock\" \"${PODS_ROOT}/Manifest.lock\" > /dev/null\nif [ $? != 0 ] ; then\n    # print error to STDERR\n    echo \"error: The sandbox is not in sync with the Podfile.lock. Run 'pod install' or update your CocoaPods installation.\" >&2\n    exit 1\nfi\n# This output is used by Xcode 'outputs' to avoid re-running this script phase.\necho \"SUCCESS\" > \"${SCRIPT_OUTPUT_FILE_0}\"\n";
			showEnvVarsInLog = 0;
		};
		CE9452054C665A7264A1EBA6 /* [CP] Check Pods Manifest.lock */ = {
			isa = PBXShellScriptBuildPhase;
			buildActionMask = 2147483647;
			files = (
			);
			inputPaths = (
				"${PODS_PODFILE_DIR_PATH}/Podfile.lock",
				"${PODS_ROOT}/Manifest.lock",
			);
			name = "[CP] Check Pods Manifest.lock";
			outputPaths = (
				"$(DERIVED_FILE_DIR)/Pods-Domain-checkManifestLockResult.txt",
			);
			runOnlyForDeploymentPostprocessing = 0;
			shellPath = /bin/sh;
			shellScript = "diff \"${PODS_PODFILE_DIR_PATH}/Podfile.lock\" \"${PODS_ROOT}/Manifest.lock\" > /dev/null\nif [ $? != 0 ] ; then\n    # print error to STDERR\n    echo \"error: The sandbox is not in sync with the Podfile.lock. Run 'pod install' or update your CocoaPods installation.\" >&2\n    exit 1\nfi\n# This output is used by Xcode 'outputs' to avoid re-running this script phase.\necho \"SUCCESS\" > \"${SCRIPT_OUTPUT_FILE_0}\"\n";
			showEnvVarsInLog = 0;
		};
/* End PBXShellScriptBuildPhase section */

/* Begin PBXSourcesBuildPhase section */
		6E173CB42444608300BEAB68 /* Sources */ = {
			isa = PBXSourcesBuildPhase;
			buildActionMask = 2147483647;
			files = (
				6EBAFF9D2444A36C0077C927 /* LoginResponseData.swift in Sources */,
				6E757A76244797FE00154249 /* UserType.swift in Sources */,
				6EBAFF9B2444A3630077C927 /* LoginRequestData.swift in Sources */,
				6E757A982447B03000154249 /* IsUserLoggedInUseCase.swift in Sources */,
				6E81AF28244472110067DA7E /* LoginUserUseCase.swift in Sources */,
				6E757A922447AD6E00154249 /* GetPostByIdUseCase.swift in Sources */,
				6E757A942447AF1F00154249 /* GetUserUseCase.swift in Sources */,
				6E757A902447ACF100154249 /* GetPostsUseCase.swift in Sources */,
				6EBAFFC62444E4E30077C927 /* Post.swift in Sources */,
				6EBAFFA62444A69E0077C927 /* UserRepository.swift in Sources */,
				6E757A962447AF8100154249 /* LogoutUserUseCase.swift in Sources */,
				6E757A8C2447ABF700154249 /* SaveUserUseCase.swift in Sources */,
				6EBAFFCD2444E68D0077C927 /* PostRepository.swift in Sources */,
				6E757A832447A3A800154249 /* AuthRepository.swift in Sources */,
				6E757A74244797A900154249 /* User.swift in Sources */,
				6EBAFFA32444A56B0077C927 /* NetworkError.swift in Sources */,
			);
			runOnlyForDeploymentPostprocessing = 0;
		};
		6E173CC6244460C800BEAB68 /* Sources */ = {
			isa = PBXSourcesBuildPhase;
			buildActionMask = 2147483647;
			files = (
				6EBAFFC82444E5350077C927 /* PostService.swift in Sources */,
				6EBAFFC02444D8940077C927 /* ApiService.swift in Sources */,
				6E757A7F24479E4700154249 /* AuthServiceImpl.swift in Sources */,
				6E757A872447A4FD00154249 /* UserDefaultsManager.swift in Sources */,
				6EBAFFA82444A6FB0077C927 /* UserRepositoryImpl.swift in Sources */,
				6E757A9A2447B7BD00154249 /* PostServiceImpl.swift in Sources */,
				6EBAFFCF2444E6C80077C927 /* PostRepositoryImpl.swift in Sources */,
				6EBAFFC22444D8AA0077C927 /* ApiConfig.swift in Sources */,
				6EC20D942445AECB00AC8956 /* KeychainAccessManager.swift in Sources */,
				6E757A852447A40F00154249 /* AuthRepositoryImpl.swift in Sources */,
				6EC20D992445B2B300AC8956 /* NotificationNameExt.swift in Sources */,
				6EC20D9B2445B3DA00AC8956 /* AuthService.swift in Sources */,
				6EC20D972445B0E300AC8956 /* NotificationManager.swift in Sources */,
				6EBAFFC42444DBE10077C927 /* ApiNetwork.swift in Sources */,
			);
			runOnlyForDeploymentPostprocessing = 0;
		};
		8D617C5321B40901009D2113 /* Sources */ = {
			isa = PBXSourcesBuildPhase;
			buildActionMask = 2147483647;
			files = (
				6EBAFF86244485220077C927 /* LoginViewController.swift in Sources */,
				6EBAFFB82444C9DC0077C927 /* PostListViewController.swift in Sources */,
				6EBAFF8B2444981E0077C927 /* SceneCoordinatorType.swift in Sources */,
				6EC20D922445A10800AC8956 /* UITableViewRx.swift in Sources */,
				8D617C5B21B40901009D2113 /* AppDelegate.swift in Sources */,
				6EBAFFB12444BDD00077C927 /* StartScreenViewModel.swift in Sources */,
				6EC20D87244592CC00AC8956 /* Reusable.swift in Sources */,
				6EBAFF7B244482E80077C927 /* Configurable.swift in Sources */,
				6EBAFF87244485220077C927 /* LoginViewModel.swift in Sources */,
				6EBAFF8D244499650077C927 /* SceneCoordinator.swift in Sources */,
				6EC20DAB2445D02C00AC8956 /* ObservableTypeExt.swift in Sources */,
				6EC20DA92445CF0600AC8956 /* PostDetailsViewDataMapper.swift in Sources */,
				6EBAFF79244482D10077C927 /* ViewModelType.swift in Sources */,
				6EBAFFDC2444ECA90077C927 /* ResultExt.swift in Sources */,
				6EC20DA02445BFA400AC8956 /* UIViewRx.swift in Sources */,
				6EC20D8F244595CE00AC8956 /* UIViewExt.swift in Sources */,
				6EBAFF89244497120077C927 /* SceneTransition.swift in Sources */,
				6EBAFF9524449FCB0077C927 /* ManualRegistration.swift in Sources */,
				6EBAFF9224449D270077C927 /* UIViewControllerExt.swift in Sources */,
				6EBAFF812444844B0077C927 /* MVVMController.swift in Sources */,
				6EBAFFB92444C9DC0077C927 /* PostListViewModel.swift in Sources */,
				6EC20D8B2445943500AC8956 /* UITableViewExt.swift in Sources */,
				6EBAFF8F24449BE20077C927 /* CoordinatorVC.swift in Sources */,
				6EC20DA42445CC7B00AC8956 /* PostDetailsViewController.swift in Sources */,
				6EC20D8D244595B800AC8956 /* NibLoadable.swift in Sources */,
				6EBAFFDA2444E90A0077C927 /* PostListItemViewDataMapper.swift in Sources */,
				6EBAFFB02444BDD00077C927 /* StartScreenViewController.swift in Sources */,
				6EC20DA52445CC7B00AC8956 /* PostDetailsViewModel.swift in Sources */,
				6EC20D892445941500AC8956 /* UITableViewCellExt.swift in Sources */,
				6EC20D852445927100AC8956 /* PostListItemCell.swift in Sources */,
				BF_102540522666 /* AppContainer.generated.swift in Sources */,
				BF_771065965569 /* AutoMockable.generated.swift in Sources */,
				6EC20D9E2445B7FA00AC8956 /* LoginViewDataMapper.swift in Sources */,
				BF_191510074000 /* InstanceContainer.generated.swift in Sources */,
				BF_419298012066 /* Scene.generated.swift in Sources */,
				BF_976085770891 /* ViewControllerContainer.generated.swift in Sources */,
			);
			runOnlyForDeploymentPostprocessing = 0;
		};
/* End PBXSourcesBuildPhase section */

/* Begin PBXTargetDependency section */
		6E173CBE2444608300BEAB68 /* PBXTargetDependency */ = {
			isa = PBXTargetDependency;
			target = 6E173CB72444608300BEAB68 /* Domain */;
			targetProxy = 6E173CBD2444608300BEAB68 /* PBXContainerItemProxy */;
		};
		6E173CD0244460C800BEAB68 /* PBXTargetDependency */ = {
			isa = PBXTargetDependency;
			target = 6E173CC9244460C800BEAB68 /* Data */;
			targetProxy = 6E173CCF244460C800BEAB68 /* PBXContainerItemProxy */;
		};
		6E173CD92444617500BEAB68 /* PBXTargetDependency */ = {
			isa = PBXTargetDependency;
			target = 6E173CB72444608300BEAB68 /* Domain */;
			targetProxy = 6E173CD82444617500BEAB68 /* PBXContainerItemProxy */;
		};
/* End PBXTargetDependency section */

/* Begin PBXVariantGroup section */
		8D617C6621B40902009D2113 /* LaunchScreen.storyboard */ = {
			isa = PBXVariantGroup;
			children = (
				8D617C6721B40902009D2113 /* Base */,
			);
			name = LaunchScreen.storyboard;
			sourceTree = "<group>";
		};
		8D9D63FA21B5231300979814 /* Localizable.strings */ = {
			isa = PBXVariantGroup;
			children = (
				8D9D63F921B5231300979814 /* en */,
			);
			name = Localizable.strings;
			sourceTree = "<group>";
		};
/* End PBXVariantGroup section */

/* Begin XCBuildConfiguration section */
		6E173CC22444608300BEAB68 /* Debug */ = {
			isa = XCBuildConfiguration;
			baseConfigurationReference = 946049643591A66991C45353 /* Pods-Domain.debug.xcconfig */;
			buildSettings = {
				CLANG_ENABLE_MODULES = YES;
				CODE_SIGN_STYLE = Automatic;
				CURRENT_PROJECT_VERSION = 1;
				DEFINES_MODULE = YES;
				DEVELOPMENT_TEAM = 5ZKGU62W9D;
				DYLIB_COMPATIBILITY_VERSION = 1;
				DYLIB_CURRENT_VERSION = 1;
				DYLIB_INSTALL_NAME_BASE = "@rpath";
				INFOPLIST_FILE = Domain/Info.plist;
				INSTALL_PATH = "$(LOCAL_LIBRARY_DIR)/Frameworks";
				IPHONEOS_DEPLOYMENT_TARGET = 12.1;
				LD_RUNPATH_SEARCH_PATHS = (
					"$(inherited)",
					"@executable_path/Frameworks",
					"@loader_path/Frameworks",
				);
				PRODUCT_BUNDLE_IDENTIFIER = "com.dinocata.mvvm-demo.domain";
				PRODUCT_NAME = "$(TARGET_NAME:c99extidentifier)";
				SKIP_INSTALL = YES;
				SUPPORTS_MACCATALYST = NO;
				SWIFT_OPTIMIZATION_LEVEL = "-Onone";
				SWIFT_VERSION = 5.0;
				TARGETED_DEVICE_FAMILY = "1,2";
				VERSIONING_SYSTEM = "apple-generic";
				VERSION_INFO_PREFIX = "";
			};
			name = Debug;
		};
		6E173CC32444608300BEAB68 /* Release */ = {
			isa = XCBuildConfiguration;
			baseConfigurationReference = 5211262445F747E40910E462 /* Pods-Domain.release.xcconfig */;
			buildSettings = {
				CLANG_ENABLE_MODULES = YES;
				CODE_SIGN_STYLE = Automatic;
				CURRENT_PROJECT_VERSION = 1;
				DEFINES_MODULE = YES;
				DEVELOPMENT_TEAM = 5ZKGU62W9D;
				DYLIB_COMPATIBILITY_VERSION = 1;
				DYLIB_CURRENT_VERSION = 1;
				DYLIB_INSTALL_NAME_BASE = "@rpath";
				INFOPLIST_FILE = Domain/Info.plist;
				INSTALL_PATH = "$(LOCAL_LIBRARY_DIR)/Frameworks";
				IPHONEOS_DEPLOYMENT_TARGET = 12.1;
				LD_RUNPATH_SEARCH_PATHS = (
					"$(inherited)",
					"@executable_path/Frameworks",
					"@loader_path/Frameworks",
				);
				PRODUCT_BUNDLE_IDENTIFIER = "com.dinocata.mvvm-demo.domain";
				PRODUCT_NAME = "$(TARGET_NAME:c99extidentifier)";
				SKIP_INSTALL = YES;
				SUPPORTS_MACCATALYST = NO;
				SWIFT_VERSION = 5.0;
				TARGETED_DEVICE_FAMILY = "1,2";
				VERSIONING_SYSTEM = "apple-generic";
				VERSION_INFO_PREFIX = "";
			};
			name = Release;
		};
		6E173CD4244460C800BEAB68 /* Debug */ = {
			isa = XCBuildConfiguration;
			baseConfigurationReference = 12F3E0D3D488784B848C167C /* Pods-Data.debug.xcconfig */;
			buildSettings = {
				CLANG_ENABLE_MODULES = YES;
				CODE_SIGN_STYLE = Automatic;
				CURRENT_PROJECT_VERSION = 1;
				DEFINES_MODULE = YES;
				DEVELOPMENT_TEAM = 5ZKGU62W9D;
				DYLIB_COMPATIBILITY_VERSION = 1;
				DYLIB_CURRENT_VERSION = 1;
				DYLIB_INSTALL_NAME_BASE = "@rpath";
				INFOPLIST_FILE = Data/Info.plist;
				INSTALL_PATH = "$(LOCAL_LIBRARY_DIR)/Frameworks";
				IPHONEOS_DEPLOYMENT_TARGET = 12.1;
				LD_RUNPATH_SEARCH_PATHS = (
					"$(inherited)",
					"@executable_path/Frameworks",
					"@loader_path/Frameworks",
				);
				PRODUCT_BUNDLE_IDENTIFIER = "com.dinocata.mvvm-demo.data";
				PRODUCT_NAME = "$(TARGET_NAME:c99extidentifier)";
				SKIP_INSTALL = YES;
				SUPPORTS_MACCATALYST = NO;
				SWIFT_OPTIMIZATION_LEVEL = "-Onone";
				SWIFT_VERSION = 5.0;
				TARGETED_DEVICE_FAMILY = "1,2";
				VERSIONING_SYSTEM = "apple-generic";
				VERSION_INFO_PREFIX = "";
			};
			name = Debug;
		};
		6E173CD5244460C800BEAB68 /* Release */ = {
			isa = XCBuildConfiguration;
			baseConfigurationReference = 20EA91C9C75D9D0B2C50956D /* Pods-Data.release.xcconfig */;
			buildSettings = {
				CLANG_ENABLE_MODULES = YES;
				CODE_SIGN_STYLE = Automatic;
				CURRENT_PROJECT_VERSION = 1;
				DEFINES_MODULE = YES;
				DEVELOPMENT_TEAM = 5ZKGU62W9D;
				DYLIB_COMPATIBILITY_VERSION = 1;
				DYLIB_CURRENT_VERSION = 1;
				DYLIB_INSTALL_NAME_BASE = "@rpath";
				INFOPLIST_FILE = Data/Info.plist;
				INSTALL_PATH = "$(LOCAL_LIBRARY_DIR)/Frameworks";
				IPHONEOS_DEPLOYMENT_TARGET = 12.1;
				LD_RUNPATH_SEARCH_PATHS = (
					"$(inherited)",
					"@executable_path/Frameworks",
					"@loader_path/Frameworks",
				);
				PRODUCT_BUNDLE_IDENTIFIER = "com.dinocata.mvvm-demo.data";
				PRODUCT_NAME = "$(TARGET_NAME:c99extidentifier)";
				SKIP_INSTALL = YES;
				SUPPORTS_MACCATALYST = NO;
				SWIFT_VERSION = 5.0;
				TARGETED_DEVICE_FAMILY = "1,2";
				VERSIONING_SYSTEM = "apple-generic";
				VERSION_INFO_PREFIX = "";
			};
			name = Release;
		};
		8D617C7521B40902009D2113 /* Debug */ = {
			isa = XCBuildConfiguration;
			buildSettings = {
				ALWAYS_SEARCH_USER_PATHS = NO;
				CLANG_ANALYZER_NONNULL = YES;
				CLANG_ANALYZER_NUMBER_OBJECT_CONVERSION = YES_AGGRESSIVE;
				CLANG_CXX_LANGUAGE_STANDARD = "gnu++14";
				CLANG_CXX_LIBRARY = "libc++";
				CLANG_ENABLE_MODULES = YES;
				CLANG_ENABLE_OBJC_ARC = YES;
				CLANG_ENABLE_OBJC_WEAK = YES;
				CLANG_WARN_BLOCK_CAPTURE_AUTORELEASING = YES;
				CLANG_WARN_BOOL_CONVERSION = YES;
				CLANG_WARN_COMMA = YES;
				CLANG_WARN_CONSTANT_CONVERSION = YES;
				CLANG_WARN_DEPRECATED_OBJC_IMPLEMENTATIONS = YES;
				CLANG_WARN_DIRECT_OBJC_ISA_USAGE = YES_ERROR;
				CLANG_WARN_DOCUMENTATION_COMMENTS = YES;
				CLANG_WARN_EMPTY_BODY = YES;
				CLANG_WARN_ENUM_CONVERSION = YES;
				CLANG_WARN_INFINITE_RECURSION = YES;
				CLANG_WARN_INT_CONVERSION = YES;
				CLANG_WARN_NON_LITERAL_NULL_CONVERSION = YES;
				CLANG_WARN_OBJC_IMPLICIT_RETAIN_SELF = YES;
				CLANG_WARN_OBJC_LITERAL_CONVERSION = YES;
				CLANG_WARN_OBJC_ROOT_CLASS = YES_ERROR;
				CLANG_WARN_RANGE_LOOP_ANALYSIS = YES;
				CLANG_WARN_STRICT_PROTOTYPES = YES;
				CLANG_WARN_SUSPICIOUS_MOVE = YES;
				CLANG_WARN_UNGUARDED_AVAILABILITY = YES_AGGRESSIVE;
				CLANG_WARN_UNREACHABLE_CODE = YES;
				CLANG_WARN__DUPLICATE_METHOD_MATCH = YES;
				CODE_SIGN_IDENTITY = "iPhone Developer";
				COPY_PHASE_STRIP = NO;
				DEBUG_INFORMATION_FORMAT = dwarf;
				ENABLE_STRICT_OBJC_MSGSEND = YES;
				ENABLE_TESTABILITY = YES;
				GCC_C_LANGUAGE_STANDARD = gnu11;
				GCC_DYNAMIC_NO_PIC = NO;
				GCC_NO_COMMON_BLOCKS = YES;
				GCC_OPTIMIZATION_LEVEL = 0;
				GCC_PREPROCESSOR_DEFINITIONS = (
					"DEBUG=1",
					"$(inherited)",
				);
				GCC_WARN_64_TO_32_BIT_CONVERSION = YES;
				GCC_WARN_ABOUT_RETURN_TYPE = YES_ERROR;
				GCC_WARN_UNDECLARED_SELECTOR = YES;
				GCC_WARN_UNINITIALIZED_AUTOS = YES_AGGRESSIVE;
				GCC_WARN_UNUSED_FUNCTION = YES;
				GCC_WARN_UNUSED_VARIABLE = YES;
				IPHONEOS_DEPLOYMENT_TARGET = 12.1;
				MTL_ENABLE_DEBUG_INFO = INCLUDE_SOURCE;
				MTL_FAST_MATH = YES;
				ONLY_ACTIVE_ARCH = YES;
				SDKROOT = iphoneos;
				SWIFT_ACTIVE_COMPILATION_CONDITIONS = DEBUG;
				SWIFT_OPTIMIZATION_LEVEL = "-Onone";
			};
			name = Debug;
		};
		8D617C7621B40902009D2113 /* Release */ = {
			isa = XCBuildConfiguration;
			buildSettings = {
				ALWAYS_SEARCH_USER_PATHS = NO;
				CLANG_ANALYZER_NONNULL = YES;
				CLANG_ANALYZER_NUMBER_OBJECT_CONVERSION = YES_AGGRESSIVE;
				CLANG_CXX_LANGUAGE_STANDARD = "gnu++14";
				CLANG_CXX_LIBRARY = "libc++";
				CLANG_ENABLE_MODULES = YES;
				CLANG_ENABLE_OBJC_ARC = YES;
				CLANG_ENABLE_OBJC_WEAK = YES;
				CLANG_WARN_BLOCK_CAPTURE_AUTORELEASING = YES;
				CLANG_WARN_BOOL_CONVERSION = YES;
				CLANG_WARN_COMMA = YES;
				CLANG_WARN_CONSTANT_CONVERSION = YES;
				CLANG_WARN_DEPRECATED_OBJC_IMPLEMENTATIONS = YES;
				CLANG_WARN_DIRECT_OBJC_ISA_USAGE = YES_ERROR;
				CLANG_WARN_DOCUMENTATION_COMMENTS = YES;
				CLANG_WARN_EMPTY_BODY = YES;
				CLANG_WARN_ENUM_CONVERSION = YES;
				CLANG_WARN_INFINITE_RECURSION = YES;
				CLANG_WARN_INT_CONVERSION = YES;
				CLANG_WARN_NON_LITERAL_NULL_CONVERSION = YES;
				CLANG_WARN_OBJC_IMPLICIT_RETAIN_SELF = YES;
				CLANG_WARN_OBJC_LITERAL_CONVERSION = YES;
				CLANG_WARN_OBJC_ROOT_CLASS = YES_ERROR;
				CLANG_WARN_RANGE_LOOP_ANALYSIS = YES;
				CLANG_WARN_STRICT_PROTOTYPES = YES;
				CLANG_WARN_SUSPICIOUS_MOVE = YES;
				CLANG_WARN_UNGUARDED_AVAILABILITY = YES_AGGRESSIVE;
				CLANG_WARN_UNREACHABLE_CODE = YES;
				CLANG_WARN__DUPLICATE_METHOD_MATCH = YES;
				CODE_SIGN_IDENTITY = "iPhone Developer";
				COPY_PHASE_STRIP = NO;
				DEBUG_INFORMATION_FORMAT = "dwarf-with-dsym";
				ENABLE_NS_ASSERTIONS = NO;
				ENABLE_STRICT_OBJC_MSGSEND = YES;
				GCC_C_LANGUAGE_STANDARD = gnu11;
				GCC_NO_COMMON_BLOCKS = YES;
				GCC_WARN_64_TO_32_BIT_CONVERSION = YES;
				GCC_WARN_ABOUT_RETURN_TYPE = YES_ERROR;
				GCC_WARN_UNDECLARED_SELECTOR = YES;
				GCC_WARN_UNINITIALIZED_AUTOS = YES_AGGRESSIVE;
				GCC_WARN_UNUSED_FUNCTION = YES;
				GCC_WARN_UNUSED_VARIABLE = YES;
				IPHONEOS_DEPLOYMENT_TARGET = 12.1;
				MTL_ENABLE_DEBUG_INFO = NO;
				MTL_FAST_MATH = YES;
				SDKROOT = iphoneos;
				SWIFT_COMPILATION_MODE = wholemodule;
				SWIFT_OPTIMIZATION_LEVEL = "-O";
				VALIDATE_PRODUCT = YES;
			};
			name = Release;
		};
		8D617C7821B40902009D2113 /* Debug */ = {
			isa = XCBuildConfiguration;
			baseConfigurationReference = D107B207F00A400915A5AFD7 /* Pods-Presentation.debug.xcconfig */;
			buildSettings = {
				ALWAYS_EMBED_SWIFT_STANDARD_LIBRARIES = YES;
				ASSETCATALOG_COMPILER_APPICON_NAME = AppIcon;
				CODE_SIGN_STYLE = Automatic;
				DEVELOPMENT_TEAM = 5ZKGU62W9D;
				INFOPLIST_FILE = "$(SRCROOT)/Presentation/Info.plist";
				LD_RUNPATH_SEARCH_PATHS = (
					"$(inherited)",
					"@executable_path/Frameworks",
				);
				OTHER_SWIFT_FLAGS = "$(inherited) \"-D\" \"COCOAPODS\" -D TRACE_RESOURCES";
				PRODUCT_BUNDLE_IDENTIFIER = "com.dinocata.mvvm-demo";
				PRODUCT_NAME = "$(TARGET_NAME)";
				SWIFT_VERSION = 5.0;
				TARGETED_DEVICE_FAMILY = "1,2";
			};
			name = Debug;
		};
		8D617C7921B40902009D2113 /* Release */ = {
			isa = XCBuildConfiguration;
			baseConfigurationReference = E555CF8858FB503AD37DA82B /* Pods-Presentation.release.xcconfig */;
			buildSettings = {
				ALWAYS_EMBED_SWIFT_STANDARD_LIBRARIES = YES;
				ASSETCATALOG_COMPILER_APPICON_NAME = AppIcon;
				CODE_SIGN_STYLE = Automatic;
				DEVELOPMENT_TEAM = 5ZKGU62W9D;
				INFOPLIST_FILE = "$(SRCROOT)/Presentation/Info.plist";
				LD_RUNPATH_SEARCH_PATHS = (
					"$(inherited)",
					"@executable_path/Frameworks",
				);
				PRODUCT_BUNDLE_IDENTIFIER = "com.dinocata.mvvm-demo";
				PRODUCT_NAME = "$(TARGET_NAME)";
				SWIFT_VERSION = 5.0;
				TARGETED_DEVICE_FAMILY = "1,2";
			};
			name = Release;
		};
/* End XCBuildConfiguration section */

/* Begin XCConfigurationList section */
		6E173CC12444608300BEAB68 /* Build configuration list for PBXNativeTarget "Domain" */ = {
			isa = XCConfigurationList;
			buildConfigurations = (
				6E173CC22444608300BEAB68 /* Debug */,
				6E173CC32444608300BEAB68 /* Release */,
			);
			defaultConfigurationIsVisible = 0;
			defaultConfigurationName = Release;
		};
		6E173CD3244460C800BEAB68 /* Build configuration list for PBXNativeTarget "Data" */ = {
			isa = XCConfigurationList;
			buildConfigurations = (
				6E173CD4244460C800BEAB68 /* Debug */,
				6E173CD5244460C800BEAB68 /* Release */,
			);
			defaultConfigurationIsVisible = 0;
			defaultConfigurationName = Release;
		};
		8D617C5221B40901009D2113 /* Build configuration list for PBXProject "MVVM-Demo" */ = {
			isa = XCConfigurationList;
			buildConfigurations = (
				8D617C7521B40902009D2113 /* Debug */,
				8D617C7621B40902009D2113 /* Release */,
			);
			defaultConfigurationIsVisible = 0;
			defaultConfigurationName = Release;
		};
		8D617C7721B40902009D2113 /* Build configuration list for PBXNativeTarget "Presentation" */ = {
			isa = XCConfigurationList;
			buildConfigurations = (
				8D617C7821B40902009D2113 /* Debug */,
				8D617C7921B40902009D2113 /* Release */,
			);
			defaultConfigurationIsVisible = 0;
			defaultConfigurationName = Release;
		};
/* End XCConfigurationList section */
	};
	rootObject = 8D617C4F21B40901009D2113 /* Project object */;
}
