// !$*UTF8*$!
{
	archiveVersion = 1;
	classes = {
	};
	objectVersion = 50;
	objects = {

/* Begin PBXBuildFile section */
		5407D85AF4BE72EE99BDDC10 /* Pods_Domain.framework in Frameworks */ = {isa = PBXBuildFile; fileRef = 8E99E9B53E8034D35EC01DDA /* Pods_Domain.framework */; };
		6E173CBC2444608300BEAB68 /* Domain.h in Headers */ = {isa = PBXBuildFile; fileRef = 6E173CBA2444608300BEAB68 /* Domain.h */; settings = {ATTRIBUTES = (Public, ); }; };
		6E173CBF2444608300BEAB68 /* Domain.framework in Frameworks */ = {isa = PBXBuildFile; fileRef = 6E173CB82444608300BEAB68 /* Domain.framework */; };
		6E173CC02444608300BEAB68 /* Domain.framework in Embed Frameworks */ = {isa = PBXBuildFile; fileRef = 6E173CB82444608300BEAB68 /* Domain.framework */; settings = {ATTRIBUTES = (CodeSignOnCopy, RemoveHeadersOnCopy, ); }; };
		6E173CCE244460C800BEAB68 /* Data.h in Headers */ = {isa = PBXBuildFile; fileRef = 6E173CCC244460C800BEAB68 /* Data.h */; settings = {ATTRIBUTES = (Public, ); }; };
		6E173CD1244460C800BEAB68 /* Data.framework in Frameworks */ = {isa = PBXBuildFile; fileRef = 6E173CCA244460C800BEAB68 /* Data.framework */; };
		6E173CD2244460C800BEAB68 /* Data.framework in Embed Frameworks */ = {isa = PBXBuildFile; fileRef = 6E173CCA244460C800BEAB68 /* Data.framework */; settings = {ATTRIBUTES = (CodeSignOnCopy, RemoveHeadersOnCopy, ); }; };
		6E173CD62444617500BEAB68 /* Domain.framework in Frameworks */ = {isa = PBXBuildFile; fileRef = 6E173CB82444608300BEAB68 /* Domain.framework */; };
		6E173CD72444617500BEAB68 /* Domain.framework in Embed Frameworks */ = {isa = PBXBuildFile; fileRef = 6E173CB82444608300BEAB68 /* Domain.framework */; settings = {ATTRIBUTES = (CodeSignOnCopy, RemoveHeadersOnCopy, ); }; };
		6E81AF28244472110067DA7E /* LoginUseCase.swift in Sources */ = {isa = PBXBuildFile; fileRef = 6E81AF27244472110067DA7E /* LoginUseCase.swift */; };
		6E81AF2A244472870067DA7E /* LoginUseCaseImpl.swift in Sources */ = {isa = PBXBuildFile; fileRef = 6E81AF29244472870067DA7E /* LoginUseCaseImpl.swift */; };
		6EBAFF79244482D10077C927 /* ViewModelType.swift in Sources */ = {isa = PBXBuildFile; fileRef = 6EBAFF78244482D10077C927 /* ViewModelType.swift */; };
		6EBAFF7B244482E80077C927 /* Configurable.swift in Sources */ = {isa = PBXBuildFile; fileRef = 6EBAFF7A244482E80077C927 /* Configurable.swift */; };
		6EBAFF7F244483880077C927 /* Mapper.swift in Sources */ = {isa = PBXBuildFile; fileRef = 6EBAFF7E244483880077C927 /* Mapper.swift */; };
		6EBAFF812444844B0077C927 /* MVVMController.swift in Sources */ = {isa = PBXBuildFile; fileRef = 6EBAFF802444844B0077C927 /* MVVMController.swift */; };
		6EBAFF86244485220077C927 /* LoginViewController.swift in Sources */ = {isa = PBXBuildFile; fileRef = 6EBAFF84244485220077C927 /* LoginViewController.swift */; };
		6EBAFF87244485220077C927 /* LoginViewModel.swift in Sources */ = {isa = PBXBuildFile; fileRef = 6EBAFF85244485220077C927 /* LoginViewModel.swift */; };
		83FA7D4E22A21D405F4F993D /* Pods_Data.framework in Frameworks */ = {isa = PBXBuildFile; fileRef = FA422CC581228C396FA86C78 /* Pods_Data.framework */; };
		8D617C5B21B40901009D2113 /* AppDelegate.swift in Sources */ = {isa = PBXBuildFile; fileRef = 8D617C5A21B40901009D2113 /* AppDelegate.swift */; };
		8D617C6521B40902009D2113 /* Assets.xcassets in Resources */ = {isa = PBXBuildFile; fileRef = 8D617C6421B40902009D2113 /* Assets.xcassets */; };
		8D617C6821B40902009D2113 /* LaunchScreen.storyboard in Resources */ = {isa = PBXBuildFile; fileRef = 8D617C6621B40902009D2113 /* LaunchScreen.storyboard */; };
		8D9D63F821B5231300979814 /* Localizable.strings in Resources */ = {isa = PBXBuildFile; fileRef = 8D9D63FA21B5231300979814 /* Localizable.strings */; };
		92EA8A85B757FCA3A92DCD59 /* Pods_Application.framework in Frameworks */ = {isa = PBXBuildFile; fileRef = E069269D288735D2CFA6DC29 /* Pods_Application.framework */; };
		BF_267597198437 /* Scene.generated.swift in Sources */ = {isa = PBXBuildFile; fileRef = FR_590013548543 /* Scene.generated.swift */; };
		BF_554413153523 /* InstanceContainer.generated.swift in Sources */ = {isa = PBXBuildFile; fileRef = FR_508898846004 /* InstanceContainer.generated.swift */; };
		BF_645593615768 /* AppContainer.generated.swift in Sources */ = {isa = PBXBuildFile; fileRef = FR_624406841852 /* AppContainer.generated.swift */; };
		BF_744596417175 /* AutoMockable.generated.swift in Sources */ = {isa = PBXBuildFile; fileRef = FR_678207742185 /* AutoMockable.generated.swift */; };
		BF_859702360592 /* ViewControllerContainer.generated.swift in Sources */ = {isa = PBXBuildFile; fileRef = FR_662235949356 /* ViewControllerContainer.generated.swift */; };
/* End PBXBuildFile section */

/* Begin PBXContainerItemProxy section */
		6E173CBD2444608300BEAB68 /* PBXContainerItemProxy */ = {
			isa = PBXContainerItemProxy;
			containerPortal = 8D617C4F21B40901009D2113 /* Project object */;
			proxyType = 1;
			remoteGlobalIDString = 6E173CB72444608300BEAB68;
			remoteInfo = Domain;
		};
		6E173CCF244460C800BEAB68 /* PBXContainerItemProxy */ = {
			isa = PBXContainerItemProxy;
			containerPortal = 8D617C4F21B40901009D2113 /* Project object */;
			proxyType = 1;
			remoteGlobalIDString = 6E173CC9244460C800BEAB68;
			remoteInfo = Data;
		};
		6E173CD82444617500BEAB68 /* PBXContainerItemProxy */ = {
			isa = PBXContainerItemProxy;
			containerPortal = 8D617C4F21B40901009D2113 /* Project object */;
			proxyType = 1;
			remoteGlobalIDString = 6E173CB72444608300BEAB68;
			remoteInfo = Domain;
		};
/* End PBXContainerItemProxy section */

/* Begin PBXCopyFilesBuildPhase section */
		6E173CC42444608300BEAB68 /* Embed Frameworks */ = {
			isa = PBXCopyFilesBuildPhase;
			buildActionMask = 2147483647;
			dstPath = "";
			dstSubfolderSpec = 10;
			files = (
				6E173CD2244460C800BEAB68 /* Data.framework in Embed Frameworks */,
				6E173CC02444608300BEAB68 /* Domain.framework in Embed Frameworks */,
			);
			name = "Embed Frameworks";
			runOnlyForDeploymentPostprocessing = 0;
		};
		6E173CDA2444617500BEAB68 /* Embed Frameworks */ = {
			isa = PBXCopyFilesBuildPhase;
			buildActionMask = 2147483647;
			dstPath = "";
			dstSubfolderSpec = 10;
			files = (
				6E173CD72444617500BEAB68 /* Domain.framework in Embed Frameworks */,
			);
			name = "Embed Frameworks";
			runOnlyForDeploymentPostprocessing = 0;
		};
/* End PBXCopyFilesBuildPhase section */

/* Begin PBXFileReference section */
		12F3E0D3D488784B848C167C /* Pods-Data.debug.xcconfig */ = {isa = PBXFileReference; includeInIndex = 1; lastKnownFileType = text.xcconfig; name = "Pods-Data.debug.xcconfig"; path = "Pods/Target Support Files/Pods-Data/Pods-Data.debug.xcconfig"; sourceTree = "<group>"; };
		20EA91C9C75D9D0B2C50956D /* Pods-Data.release.xcconfig */ = {isa = PBXFileReference; includeInIndex = 1; lastKnownFileType = text.xcconfig; name = "Pods-Data.release.xcconfig"; path = "Pods/Target Support Files/Pods-Data/Pods-Data.release.xcconfig"; sourceTree = "<group>"; };
		27C05A36BDCDE589C7B1BB1D /* Pods_MVVM_DemoTests.framework */ = {isa = PBXFileReference; explicitFileType = wrapper.framework; includeInIndex = 0; path = Pods_MVVM_DemoTests.framework; sourceTree = BUILT_PRODUCTS_DIR; };
		280C9CA86D2B0364D79E99EF /* Pods-Application.release.xcconfig */ = {isa = PBXFileReference; includeInIndex = 1; lastKnownFileType = text.xcconfig; name = "Pods-Application.release.xcconfig"; path = "Pods/Target Support Files/Pods-Application/Pods-Application.release.xcconfig"; sourceTree = "<group>"; };
		5211262445F747E40910E462 /* Pods-Domain.release.xcconfig */ = {isa = PBXFileReference; includeInIndex = 1; lastKnownFileType = text.xcconfig; name = "Pods-Domain.release.xcconfig"; path = "Pods/Target Support Files/Pods-Domain/Pods-Domain.release.xcconfig"; sourceTree = "<group>"; };
		6E173CB82444608300BEAB68 /* Domain.framework */ = {isa = PBXFileReference; explicitFileType = wrapper.framework; includeInIndex = 0; path = Domain.framework; sourceTree = BUILT_PRODUCTS_DIR; };
		6E173CBA2444608300BEAB68 /* Domain.h */ = {isa = PBXFileReference; lastKnownFileType = sourcecode.c.h; path = Domain.h; sourceTree = "<group>"; };
		6E173CBB2444608300BEAB68 /* Info.plist */ = {isa = PBXFileReference; lastKnownFileType = text.plist.xml; path = Info.plist; sourceTree = "<group>"; };
		6E173CCA244460C800BEAB68 /* Data.framework */ = {isa = PBXFileReference; explicitFileType = wrapper.framework; includeInIndex = 0; path = Data.framework; sourceTree = BUILT_PRODUCTS_DIR; };
		6E173CCC244460C800BEAB68 /* Data.h */ = {isa = PBXFileReference; lastKnownFileType = sourcecode.c.h; path = Data.h; sourceTree = "<group>"; };
		6E173CCD244460C800BEAB68 /* Info.plist */ = {isa = PBXFileReference; lastKnownFileType = text.plist.xml; path = Info.plist; sourceTree = "<group>"; };
		6E81AF27244472110067DA7E /* LoginUseCase.swift */ = {isa = PBXFileReference; lastKnownFileType = sourcecode.swift; path = LoginUseCase.swift; sourceTree = "<group>"; };
		6E81AF29244472870067DA7E /* LoginUseCaseImpl.swift */ = {isa = PBXFileReference; lastKnownFileType = sourcecode.swift; path = LoginUseCaseImpl.swift; sourceTree = "<group>"; };
		6EBAFF78244482D10077C927 /* ViewModelType.swift */ = {isa = PBXFileReference; lastKnownFileType = sourcecode.swift; path = ViewModelType.swift; sourceTree = "<group>"; };
		6EBAFF7A244482E80077C927 /* Configurable.swift */ = {isa = PBXFileReference; lastKnownFileType = sourcecode.swift; path = Configurable.swift; sourceTree = "<group>"; };
		6EBAFF7E244483880077C927 /* Mapper.swift */ = {isa = PBXFileReference; lastKnownFileType = sourcecode.swift; path = Mapper.swift; sourceTree = "<group>"; };
		6EBAFF802444844B0077C927 /* MVVMController.swift */ = {isa = PBXFileReference; lastKnownFileType = sourcecode.swift; path = MVVMController.swift; sourceTree = "<group>"; };
		6EBAFF84244485220077C927 /* LoginViewController.swift */ = {isa = PBXFileReference; lastKnownFileType = sourcecode.swift; path = LoginViewController.swift; sourceTree = "<group>"; };
		6EBAFF85244485220077C927 /* LoginViewModel.swift */ = {isa = PBXFileReference; lastKnownFileType = sourcecode.swift; path = LoginViewModel.swift; sourceTree = "<group>"; };
		73BD1C39E1DA65DFDD4CD615 /* Pods-MVVM-Demo.release.xcconfig */ = {isa = PBXFileReference; includeInIndex = 1; lastKnownFileType = text.xcconfig; name = "Pods-MVVM-Demo.release.xcconfig"; path = "Pods/Target Support Files/Pods-MVVM-Demo/Pods-MVVM-Demo.release.xcconfig"; sourceTree = "<group>"; };
		7C55407E6D899D92C7853DF0 /* Pods-Application.debug.xcconfig */ = {isa = PBXFileReference; includeInIndex = 1; lastKnownFileType = text.xcconfig; name = "Pods-Application.debug.xcconfig"; path = "Pods/Target Support Files/Pods-Application/Pods-Application.debug.xcconfig"; sourceTree = "<group>"; };
		8D617C5721B40901009D2113 /* Application.app */ = {isa = PBXFileReference; explicitFileType = wrapper.application; includeInIndex = 0; path = Application.app; sourceTree = BUILT_PRODUCTS_DIR; };
		8D617C5A21B40901009D2113 /* AppDelegate.swift */ = {isa = PBXFileReference; lastKnownFileType = sourcecode.swift; path = AppDelegate.swift; sourceTree = "<group>"; };
		8D617C6421B40902009D2113 /* Assets.xcassets */ = {isa = PBXFileReference; lastKnownFileType = folder.assetcatalog; path = Assets.xcassets; sourceTree = "<group>"; };
		8D617C6721B40902009D2113 /* Base */ = {isa = PBXFileReference; lastKnownFileType = file.storyboard; name = Base; path = Base.lproj/LaunchScreen.storyboard; sourceTree = "<group>"; };
		8D617C6921B40902009D2113 /* Info.plist */ = {isa = PBXFileReference; lastKnownFileType = text.plist.xml; path = Info.plist; sourceTree = "<group>"; };
		8D9D63F921B5231300979814 /* en */ = {isa = PBXFileReference; lastKnownFileType = text.plist.strings; name = en; path = en.lproj/Localizable.strings; sourceTree = "<group>"; };
		8E99E9B53E8034D35EC01DDA /* Pods_Domain.framework */ = {isa = PBXFileReference; explicitFileType = wrapper.framework; includeInIndex = 0; path = Pods_Domain.framework; sourceTree = BUILT_PRODUCTS_DIR; };
		902B4DB8FA87F9C99FAE9E99 /* Pods-MVVM-DemoTests.release.xcconfig */ = {isa = PBXFileReference; includeInIndex = 1; lastKnownFileType = text.xcconfig; name = "Pods-MVVM-DemoTests.release.xcconfig"; path = "Pods/Target Support Files/Pods-MVVM-DemoTests/Pods-MVVM-DemoTests.release.xcconfig"; sourceTree = "<group>"; };
		946049643591A66991C45353 /* Pods-Domain.debug.xcconfig */ = {isa = PBXFileReference; includeInIndex = 1; lastKnownFileType = text.xcconfig; name = "Pods-Domain.debug.xcconfig"; path = "Pods/Target Support Files/Pods-Domain/Pods-Domain.debug.xcconfig"; sourceTree = "<group>"; };
		B6EFCA11D39FF92FBCB6F240 /* Pods-MVVM-Demo.debug.xcconfig */ = {isa = PBXFileReference; includeInIndex = 1; lastKnownFileType = text.xcconfig; name = "Pods-MVVM-Demo.debug.xcconfig"; path = "Pods/Target Support Files/Pods-MVVM-Demo/Pods-MVVM-Demo.debug.xcconfig"; sourceTree = "<group>"; };
		CAF03F00BB4C4D0564BF4B3A /* Pods-MVVM-DemoTests.debug.xcconfig */ = {isa = PBXFileReference; includeInIndex = 1; lastKnownFileType = text.xcconfig; name = "Pods-MVVM-DemoTests.debug.xcconfig"; path = "Pods/Target Support Files/Pods-MVVM-DemoTests/Pods-MVVM-DemoTests.debug.xcconfig"; sourceTree = "<group>"; };
		E069269D288735D2CFA6DC29 /* Pods_Application.framework */ = {isa = PBXFileReference; explicitFileType = wrapper.framework; includeInIndex = 0; path = Pods_Application.framework; sourceTree = BUILT_PRODUCTS_DIR; };
		FA422CC581228C396FA86C78 /* Pods_Data.framework */ = {isa = PBXFileReference; explicitFileType = wrapper.framework; includeInIndex = 0; path = Pods_Data.framework; sourceTree = BUILT_PRODUCTS_DIR; };
		FR_508898846004 /* InstanceContainer.generated.swift */ = {isa = PBXFileReference; explicitFileType = sourcecode.swift; lastKnownFileType = sourcecode.swift; name = InstanceContainer.generated.swift; path = InstanceContainer.generated.swift; sourceTree = "<group>"; };
		FR_590013548543 /* Scene.generated.swift */ = {isa = PBXFileReference; explicitFileType = sourcecode.swift; lastKnownFileType = sourcecode.swift; name = Scene.generated.swift; path = Scene.generated.swift; sourceTree = "<group>"; };
		FR_624406841852 /* AppContainer.generated.swift */ = {isa = PBXFileReference; explicitFileType = sourcecode.swift; lastKnownFileType = sourcecode.swift; name = AppContainer.generated.swift; path = AppContainer.generated.swift; sourceTree = "<group>"; };
		FR_662235949356 /* ViewControllerContainer.generated.swift */ = {isa = PBXFileReference; explicitFileType = sourcecode.swift; lastKnownFileType = sourcecode.swift; name = ViewControllerContainer.generated.swift; path = ViewControllerContainer.generated.swift; sourceTree = "<group>"; };
		FR_678207742185 /* AutoMockable.generated.swift */ = {isa = PBXFileReference; explicitFileType = sourcecode.swift; path = AutoMockable.generated.swift; sourceTree = "<group>"; };
/* End PBXFileReference section */

/* Begin PBXFrameworksBuildPhase section */
		6E173CB52444608300BEAB68 /* Frameworks */ = {
			isa = PBXFrameworksBuildPhase;
			buildActionMask = 2147483647;
			files = (
				5407D85AF4BE72EE99BDDC10 /* Pods_Domain.framework in Frameworks */,
			);
			runOnlyForDeploymentPostprocessing = 0;
		};
		6E173CC7244460C800BEAB68 /* Frameworks */ = {
			isa = PBXFrameworksBuildPhase;
			buildActionMask = 2147483647;
			files = (
				6E173CD62444617500BEAB68 /* Domain.framework in Frameworks */,
				83FA7D4E22A21D405F4F993D /* Pods_Data.framework in Frameworks */,
			);
			runOnlyForDeploymentPostprocessing = 0;
		};
		8D617C5421B40901009D2113 /* Frameworks */ = {
			isa = PBXFrameworksBuildPhase;
			buildActionMask = 2147483647;
			files = (
				6E173CD1244460C800BEAB68 /* Data.framework in Frameworks */,
				6E173CBF2444608300BEAB68 /* Domain.framework in Frameworks */,
				92EA8A85B757FCA3A92DCD59 /* Pods_Application.framework in Frameworks */,
			);
			runOnlyForDeploymentPostprocessing = 0;
		};
/* End PBXFrameworksBuildPhase section */

/* Begin PBXGroup section */
		18534B7FFCA5372517363B45 /* Pods */ = {
			isa = PBXGroup;
			children = (
				B6EFCA11D39FF92FBCB6F240 /* Pods-MVVM-Demo.debug.xcconfig */,
				73BD1C39E1DA65DFDD4CD615 /* Pods-MVVM-Demo.release.xcconfig */,
				CAF03F00BB4C4D0564BF4B3A /* Pods-MVVM-DemoTests.debug.xcconfig */,
				902B4DB8FA87F9C99FAE9E99 /* Pods-MVVM-DemoTests.release.xcconfig */,
				7C55407E6D899D92C7853DF0 /* Pods-Application.debug.xcconfig */,
				280C9CA86D2B0364D79E99EF /* Pods-Application.release.xcconfig */,
				12F3E0D3D488784B848C167C /* Pods-Data.debug.xcconfig */,
				20EA91C9C75D9D0B2C50956D /* Pods-Data.release.xcconfig */,
				946049643591A66991C45353 /* Pods-Domain.debug.xcconfig */,
				5211262445F747E40910E462 /* Pods-Domain.release.xcconfig */,
			);
			name = Pods;
			sourceTree = "<group>";
		};
		6E173CB92444608300BEAB68 /* Domain */ = {
			isa = PBXGroup;
			children = (
				6E173CDC244462B900BEAB68 /* UseCase */,
				6E173CDF2444630700BEAB68 /* Repository */,
				6E173CDB2444628900BEAB68 /* Entity */,
				6E173CBA2444608300BEAB68 /* Domain.h */,
				6E173CBB2444608300BEAB68 /* Info.plist */,
			);
			path = Domain;
			sourceTree = "<group>";
		};
		6E173CCB244460C800BEAB68 /* Data */ = {
			isa = PBXGroup;
			children = (
				6E173CDD244462C500BEAB68 /* Network */,
				6E173CDE244462CC00BEAB68 /* Persistence */,
				6E173CE02444632B00BEAB68 /* Repository */,
				6E173CCC244460C800BEAB68 /* Data.h */,
				6E173CCD244460C800BEAB68 /* Info.plist */,
			);
			path = Data;
			sourceTree = "<group>";
		};
		6E173CDB2444628900BEAB68 /* Entity */ = {
			isa = PBXGroup;
			children = (
			);
			path = Entity;
			sourceTree = "<group>";
		};
		6E173CDC244462B900BEAB68 /* UseCase */ = {
			isa = PBXGroup;
			children = (
				6E81AF25244471F30067DA7E /* Authentication */,
			);
			path = UseCase;
			sourceTree = "<group>";
		};
		6E173CDD244462C500BEAB68 /* Network */ = {
			isa = PBXGroup;
			children = (
			);
			path = Network;
			sourceTree = "<group>";
		};
		6E173CDE244462CC00BEAB68 /* Persistence */ = {
			isa = PBXGroup;
			children = (
				6E173CE22444633D00BEAB68 /* UserDefaults */,
				6E173CE12444633600BEAB68 /* CoreData */,
			);
			path = Persistence;
			sourceTree = "<group>";
		};
		6E173CDF2444630700BEAB68 /* Repository */ = {
			isa = PBXGroup;
			children = (
			);
			path = Repository;
			sourceTree = "<group>";
		};
		6E173CE02444632B00BEAB68 /* Repository */ = {
			isa = PBXGroup;
			children = (
			);
			path = Repository;
			sourceTree = "<group>";
		};
		6E173CE12444633600BEAB68 /* CoreData */ = {
			isa = PBXGroup;
			children = (
			);
			path = CoreData;
			sourceTree = "<group>";
		};
		6E173CE22444633D00BEAB68 /* UserDefaults */ = {
			isa = PBXGroup;
			children = (
			);
			path = UserDefaults;
			sourceTree = "<group>";
		};
		6E173CE32444637D00BEAB68 /* Generated */ = {
			isa = PBXGroup;
			children = (
				FR_678207742185 /* AutoMockable.generated.swift */,
				FR_624406841852 /* AppContainer.generated.swift */,
				FR_508898846004 /* InstanceContainer.generated.swift */,
				FR_662235949356 /* ViewControllerContainer.generated.swift */,
				FR_590013548543 /* Scene.generated.swift */,
			);
			path = Generated;
			sourceTree = "<group>";
		};
		6E81AF25244471F30067DA7E /* Authentication */ = {
			isa = PBXGroup;
			children = (
				6E81AF26244471FF0067DA7E /* Login */,
			);
			path = Authentication;
			sourceTree = "<group>";
		};
		6E81AF26244471FF0067DA7E /* Login */ = {
			isa = PBXGroup;
			children = (
				6E81AF27244472110067DA7E /* LoginUseCase.swift */,
				6E81AF29244472870067DA7E /* LoginUseCaseImpl.swift */,
			);
			path = Login;
			sourceTree = "<group>";
		};
		6EBAFF69244481370077C927 /* UI */ = {
			isa = PBXGroup;
			children = (
				6EBAFF82244484F80077C927 /* Authentication */,
			);
			path = UI;
			sourceTree = "<group>";
		};
		6EBAFF6A244481410077C927 /* Coordinator */ = {
			isa = PBXGroup;
			children = (
			);
			path = Coordinator;
			sourceTree = "<group>";
		};
		6EBAFF6B244481710077C927 /* Common */ = {
			isa = PBXGroup;
			children = (
				6EBAFF6C244481A80077C927 /* Constants */,
				6EBAFF71244482060077C927 /* Base */,
				6EBAFF70244481E10077C927 /* Helpers */,
				6EBAFF6F244481D40077C927 /* Views */,
				6EBAFF6E244481B60077C927 /* Protocols */,
				6EBAFF6D244481B00077C927 /* Extensions */,
			);
			path = Common;
			sourceTree = "<group>";
		};
		6EBAFF6C244481A80077C927 /* Constants */ = {
			isa = PBXGroup;
			children = (
			);
			path = Constants;
			sourceTree = "<group>";
		};
		6EBAFF6D244481B00077C927 /* Extensions */ = {
			isa = PBXGroup;
			children = (
			);
			path = Extensions;
			sourceTree = "<group>";
		};
		6EBAFF6E244481B60077C927 /* Protocols */ = {
			isa = PBXGroup;
			children = (
				6EBAFF78244482D10077C927 /* ViewModelType.swift */,
				6EBAFF7A244482E80077C927 /* Configurable.swift */,
				6EBAFF7E244483880077C927 /* Mapper.swift */,
			);
			path = Protocols;
			sourceTree = "<group>";
		};
		6EBAFF6F244481D40077C927 /* Views */ = {
			isa = PBXGroup;
			children = (
			);
			path = Views;
			sourceTree = "<group>";
		};
		6EBAFF70244481E10077C927 /* Helpers */ = {
			isa = PBXGroup;
			children = (
			);
			path = Helpers;
			sourceTree = "<group>";
		};
		6EBAFF71244482060077C927 /* Base */ = {
			isa = PBXGroup;
			children = (
				6EBAFF802444844B0077C927 /* MVVMController.swift */,
			);
			path = Base;
			sourceTree = "<group>";
		};
		6EBAFF82244484F80077C927 /* Authentication */ = {
			isa = PBXGroup;
			children = (
				6EBAFF83244485040077C927 /* Login */,
			);
			path = Authentication;
			sourceTree = "<group>";
		};
		6EBAFF83244485040077C927 /* Login */ = {
			isa = PBXGroup;
			children = (
				6EBAFF84244485220077C927 /* LoginViewController.swift */,
				6EBAFF85244485220077C927 /* LoginViewModel.swift */,
			);
			path = Login;
			sourceTree = "<group>";
		};
		8D617C4E21B40901009D2113 = {
			isa = PBXGroup;
			children = (
				8D617C5921B40901009D2113 /* Application */,
				6E173CCB244460C800BEAB68 /* Data */,
				6E173CB92444608300BEAB68 /* Domain */,
				6E173CE32444637D00BEAB68 /* Generated */,
				8D617C5821B40901009D2113 /* Products */,
				18534B7FFCA5372517363B45 /* Pods */,
				B49D5A82BB684C084D6A9390 /* Frameworks */,
			);
			sourceTree = "<group>";
		};
		8D617C5821B40901009D2113 /* Products */ = {
			isa = PBXGroup;
			children = (
				8D617C5721B40901009D2113 /* Application.app */,
				6E173CB82444608300BEAB68 /* Domain.framework */,
				6E173CCA244460C800BEAB68 /* Data.framework */,
			);
			name = Products;
			sourceTree = "<group>";
		};
		8D617C5921B40901009D2113 /* Application */ = {
			isa = PBXGroup;
			children = (
				6EBAFF6B244481710077C927 /* Common */,
				6EBAFF6A244481410077C927 /* Coordinator */,
				6EBAFF69244481370077C927 /* UI */,
				8D617C5A21B40901009D2113 /* AppDelegate.swift */,
				8D617C6421B40902009D2113 /* Assets.xcassets */,
				8D617C6621B40902009D2113 /* LaunchScreen.storyboard */,
				8D617C6921B40902009D2113 /* Info.plist */,
				8D9D63FA21B5231300979814 /* Localizable.strings */,
			);
			path = Application;
			sourceTree = "<group>";
		};
		B49D5A82BB684C084D6A9390 /* Frameworks */ = {
			isa = PBXGroup;
			children = (
				27C05A36BDCDE589C7B1BB1D /* Pods_MVVM_DemoTests.framework */,
				E069269D288735D2CFA6DC29 /* Pods_Application.framework */,
				FA422CC581228C396FA86C78 /* Pods_Data.framework */,
				8E99E9B53E8034D35EC01DDA /* Pods_Domain.framework */,
			);
			name = Frameworks;
			sourceTree = "<group>";
		};
/* End PBXGroup section */

/* Begin PBXHeadersBuildPhase section */
		6E173CB32444608300BEAB68 /* Headers */ = {
			isa = PBXHeadersBuildPhase;
			buildActionMask = 2147483647;
			files = (
				6E173CBC2444608300BEAB68 /* Domain.h in Headers */,
			);
			runOnlyForDeploymentPostprocessing = 0;
		};
		6E173CC5244460C800BEAB68 /* Headers */ = {
			isa = PBXHeadersBuildPhase;
			buildActionMask = 2147483647;
			files = (
				6E173CCE244460C800BEAB68 /* Data.h in Headers */,
			);
			runOnlyForDeploymentPostprocessing = 0;
		};
/* End PBXHeadersBuildPhase section */

/* Begin PBXNativeTarget section */
		6E173CB72444608300BEAB68 /* Domain */ = {
			isa = PBXNativeTarget;
			buildConfigurationList = 6E173CC12444608300BEAB68 /* Build configuration list for PBXNativeTarget "Domain" */;
			buildPhases = (
				CE9452054C665A7264A1EBA6 /* [CP] Check Pods Manifest.lock */,
				6E173CB32444608300BEAB68 /* Headers */,
				6E173CB42444608300BEAB68 /* Sources */,
				6E173CB52444608300BEAB68 /* Frameworks */,
				6E173CB62444608300BEAB68 /* Resources */,
			);
			buildRules = (
			);
			dependencies = (
			);
			name = Domain;
			productName = Domain;
			productReference = 6E173CB82444608300BEAB68 /* Domain.framework */;
			productType = "com.apple.product-type.framework";
		};
		6E173CC9244460C800BEAB68 /* Data */ = {
			isa = PBXNativeTarget;
			buildConfigurationList = 6E173CD3244460C800BEAB68 /* Build configuration list for PBXNativeTarget "Data" */;
			buildPhases = (
				82C771C19CBA842674CBF3D5 /* [CP] Check Pods Manifest.lock */,
				6E173CC5244460C800BEAB68 /* Headers */,
				6E173CC6244460C800BEAB68 /* Sources */,
				6E173CC7244460C800BEAB68 /* Frameworks */,
				6E173CC8244460C800BEAB68 /* Resources */,
				6E173CDA2444617500BEAB68 /* Embed Frameworks */,
			);
			buildRules = (
			);
			dependencies = (
				6E173CD92444617500BEAB68 /* PBXTargetDependency */,
			);
			name = Data;
			productName = Data;
			productReference = 6E173CCA244460C800BEAB68 /* Data.framework */;
			productType = "com.apple.product-type.framework";
		};
		8D617C5621B40901009D2113 /* Application */ = {
			isa = PBXNativeTarget;
			buildConfigurationList = 8D617C7721B40902009D2113 /* Build configuration list for PBXNativeTarget "Application" */;
			buildPhases = (
				782ED0AD3758A42AB513E8A6 /* [CP] Check Pods Manifest.lock */,
				6E173CE52444649F00BEAB68 /* ShellScript */,
				8D617C5321B40901009D2113 /* Sources */,
				8D617C5421B40901009D2113 /* Frameworks */,
				8D617C5521B40901009D2113 /* Resources */,
				6E173CC42444608300BEAB68 /* Embed Frameworks */,
				5A7DC3A242577CA131ACB6BE /* [CP] Embed Pods Frameworks */,
			);
			buildRules = (
			);
			dependencies = (
				6E173CBE2444608300BEAB68 /* PBXTargetDependency */,
				6E173CD0244460C800BEAB68 /* PBXTargetDependency */,
			);
			name = Application;
			productName = "MVVM-Demo";
			productReference = 8D617C5721B40901009D2113 /* Application.app */;
			productType = "com.apple.product-type.application";
		};
/* End PBXNativeTarget section */

/* Begin PBXProject section */
		8D617C4F21B40901009D2113 /* Project object */ = {
			isa = PBXProject;
			attributes = {
				LastSwiftUpdateCheck = 1010;
				LastUpgradeCheck = 1010;
				ORGANIZATIONNAME = github.com/dinocata;
				TargetAttributes = {
					6E173CB72444608300BEAB68 = {
						CreatedOnToolsVersion = 11.4;
						LastSwiftMigration = 1140;
					};
					6E173CC9244460C800BEAB68 = {
						CreatedOnToolsVersion = 11.4;
					};
					8D617C5621B40901009D2113 = {
						CreatedOnToolsVersion = 10.1;
					};
				};
			};
			buildConfigurationList = 8D617C5221B40901009D2113 /* Build configuration list for PBXProject "MVVM-Demo" */;
			compatibilityVersion = "Xcode 9.3";
			developmentRegion = en;
			hasScannedForEncodings = 0;
			knownRegions = (
				en,
				Base,
			);
			mainGroup = 8D617C4E21B40901009D2113;
			productRefGroup = 8D617C5821B40901009D2113 /* Products */;
			projectDirPath = "";
			projectRoot = "";
			targets = (
				8D617C5621B40901009D2113 /* Application */,
				6E173CB72444608300BEAB68 /* Domain */,
				6E173CC9244460C800BEAB68 /* Data */,
			);
		};
/* End PBXProject section */

/* Begin PBXResourcesBuildPhase section */
		6E173CB62444608300BEAB68 /* Resources */ = {
			isa = PBXResourcesBuildPhase;
			buildActionMask = 2147483647;
			files = (
			);
			runOnlyForDeploymentPostprocessing = 0;
		};
		6E173CC8244460C800BEAB68 /* Resources */ = {
			isa = PBXResourcesBuildPhase;
			buildActionMask = 2147483647;
			files = (
			);
			runOnlyForDeploymentPostprocessing = 0;
		};
		8D617C5521B40901009D2113 /* Resources */ = {
			isa = PBXResourcesBuildPhase;
			buildActionMask = 2147483647;
			files = (
				8D9D63F821B5231300979814 /* Localizable.strings in Resources */,
				8D617C6821B40902009D2113 /* LaunchScreen.storyboard in Resources */,
				8D617C6521B40902009D2113 /* Assets.xcassets in Resources */,
			);
			runOnlyForDeploymentPostprocessing = 0;
		};
/* End PBXResourcesBuildPhase section */

/* Begin PBXShellScriptBuildPhase section */
		5A7DC3A242577CA131ACB6BE /* [CP] Embed Pods Frameworks */ = {
			isa = PBXShellScriptBuildPhase;
			buildActionMask = 2147483647;
			files = (
			);
			inputPaths = (
			);
			name = "[CP] Embed Pods Frameworks";
			outputPaths = (
			);
			runOnlyForDeploymentPostprocessing = 0;
			shellPath = /bin/sh;
			shellScript = "\"${PODS_ROOT}/Target Support Files/Pods-Application/Pods-Application-frameworks.sh\"\n";
			showEnvVarsInLog = 0;
		};
		6E173CE52444649F00BEAB68 /* ShellScript */ = {
			isa = PBXShellScriptBuildPhase;
			buildActionMask = 2147483647;
			files = (
			);
			inputPaths = (
			);
			outputPaths = (
			);
			runOnlyForDeploymentPostprocessing = 0;
			shellPath = /bin/sh;
			shellScript = "\"$PODS_ROOT/Sourcery/bin/sourcery\"\n\"${PODS_ROOT}/SwiftLint/swiftlint\"\n";
		};
		782ED0AD3758A42AB513E8A6 /* [CP] Check Pods Manifest.lock */ = {
			isa = PBXShellScriptBuildPhase;
			buildActionMask = 2147483647;
			files = (
			);
			inputPaths = (
				"${PODS_PODFILE_DIR_PATH}/Podfile.lock",
				"${PODS_ROOT}/Manifest.lock",
			);
			name = "[CP] Check Pods Manifest.lock";
			outputPaths = (
				"$(DERIVED_FILE_DIR)/Pods-Application-checkManifestLockResult.txt",
			);
			runOnlyForDeploymentPostprocessing = 0;
			shellPath = /bin/sh;
			shellScript = "diff \"${PODS_PODFILE_DIR_PATH}/Podfile.lock\" \"${PODS_ROOT}/Manifest.lock\" > /dev/null\nif [ $? != 0 ] ; then\n    # print error to STDERR\n    echo \"error: The sandbox is not in sync with the Podfile.lock. Run 'pod install' or update your CocoaPods installation.\" >&2\n    exit 1\nfi\n# This output is used by Xcode 'outputs' to avoid re-running this script phase.\necho \"SUCCESS\" > \"${SCRIPT_OUTPUT_FILE_0}\"\n";
			showEnvVarsInLog = 0;
		};
		82C771C19CBA842674CBF3D5 /* [CP] Check Pods Manifest.lock */ = {
			isa = PBXShellScriptBuildPhase;
			buildActionMask = 2147483647;
			files = (
			);
			inputPaths = (
				"${PODS_PODFILE_DIR_PATH}/Podfile.lock",
				"${PODS_ROOT}/Manifest.lock",
			);
			name = "[CP] Check Pods Manifest.lock";
			outputPaths = (
				"$(DERIVED_FILE_DIR)/Pods-Data-checkManifestLockResult.txt",
			);
			runOnlyForDeploymentPostprocessing = 0;
			shellPath = /bin/sh;
			shellScript = "diff \"${PODS_PODFILE_DIR_PATH}/Podfile.lock\" \"${PODS_ROOT}/Manifest.lock\" > /dev/null\nif [ $? != 0 ] ; then\n    # print error to STDERR\n    echo \"error: The sandbox is not in sync with the Podfile.lock. Run 'pod install' or update your CocoaPods installation.\" >&2\n    exit 1\nfi\n# This output is used by Xcode 'outputs' to avoid re-running this script phase.\necho \"SUCCESS\" > \"${SCRIPT_OUTPUT_FILE_0}\"\n";
			showEnvVarsInLog = 0;
		};
		CE9452054C665A7264A1EBA6 /* [CP] Check Pods Manifest.lock */ = {
			isa = PBXShellScriptBuildPhase;
			buildActionMask = 2147483647;
			files = (
			);
			inputPaths = (
				"${PODS_PODFILE_DIR_PATH}/Podfile.lock",
				"${PODS_ROOT}/Manifest.lock",
			);
			name = "[CP] Check Pods Manifest.lock";
			outputPaths = (
				"$(DERIVED_FILE_DIR)/Pods-Domain-checkManifestLockResult.txt",
			);
			runOnlyForDeploymentPostprocessing = 0;
			shellPath = /bin/sh;
			shellScript = "diff \"${PODS_PODFILE_DIR_PATH}/Podfile.lock\" \"${PODS_ROOT}/Manifest.lock\" > /dev/null\nif [ $? != 0 ] ; then\n    # print error to STDERR\n    echo \"error: The sandbox is not in sync with the Podfile.lock. Run 'pod install' or update your CocoaPods installation.\" >&2\n    exit 1\nfi\n# This output is used by Xcode 'outputs' to avoid re-running this script phase.\necho \"SUCCESS\" > \"${SCRIPT_OUTPUT_FILE_0}\"\n";
			showEnvVarsInLog = 0;
		};
/* End PBXShellScriptBuildPhase section */

/* Begin PBXSourcesBuildPhase section */
		6E173CB42444608300BEAB68 /* Sources */ = {
			isa = PBXSourcesBuildPhase;
			buildActionMask = 2147483647;
			files = (
				6E81AF28244472110067DA7E /* LoginUseCase.swift in Sources */,
				6E81AF2A244472870067DA7E /* LoginUseCaseImpl.swift in Sources */,
			);
			runOnlyForDeploymentPostprocessing = 0;
		};
		6E173CC6244460C800BEAB68 /* Sources */ = {
			isa = PBXSourcesBuildPhase;
			buildActionMask = 2147483647;
			files = (
			);
			runOnlyForDeploymentPostprocessing = 0;
		};
		8D617C5321B40901009D2113 /* Sources */ = {
			isa = PBXSourcesBuildPhase;
			buildActionMask = 2147483647;
			files = (
				6EBAFF86244485220077C927 /* LoginViewController.swift in Sources */,
				8D617C5B21B40901009D2113 /* AppDelegate.swift in Sources */,
				BF_744596417175 /* AutoMockable.generated.swift in Sources */,
				6EBAFF7B244482E80077C927 /* Configurable.swift in Sources */,
				6EBAFF87244485220077C927 /* LoginViewModel.swift in Sources */,
				6EBAFF79244482D10077C927 /* ViewModelType.swift in Sources */,
				6EBAFF7F244483880077C927 /* Mapper.swift in Sources */,
				6EBAFF812444844B0077C927 /* MVVMController.swift in Sources */,
				BF_645593615768 /* AppContainer.generated.swift in Sources */,
				BF_554413153523 /* InstanceContainer.generated.swift in Sources */,
				BF_859702360592 /* ViewControllerContainer.generated.swift in Sources */,
				BF_267597198437 /* Scene.generated.swift in Sources */,
			);
			runOnlyForDeploymentPostprocessing = 0;
		};
/* End PBXSourcesBuildPhase section */

/* Begin PBXTargetDependency section */
		6E173CBE2444608300BEAB68 /* PBXTargetDependency */ = {
			isa = PBXTargetDependency;
			target = 6E173CB72444608300BEAB68 /* Domain */;
			targetProxy = 6E173CBD2444608300BEAB68 /* PBXContainerItemProxy */;
		};
		6E173CD0244460C800BEAB68 /* PBXTargetDependency */ = {
			isa = PBXTargetDependency;
			target = 6E173CC9244460C800BEAB68 /* Data */;
			targetProxy = 6E173CCF244460C800BEAB68 /* PBXContainerItemProxy */;
		};
		6E173CD92444617500BEAB68 /* PBXTargetDependency */ = {
			isa = PBXTargetDependency;
			target = 6E173CB72444608300BEAB68 /* Domain */;
			targetProxy = 6E173CD82444617500BEAB68 /* PBXContainerItemProxy */;
		};
/* End PBXTargetDependency section */

/* Begin PBXVariantGroup section */
		8D617C6621B40902009D2113 /* LaunchScreen.storyboard */ = {
			isa = PBXVariantGroup;
			children = (
				8D617C6721B40902009D2113 /* Base */,
			);
			name = LaunchScreen.storyboard;
			sourceTree = "<group>";
		};
		8D9D63FA21B5231300979814 /* Localizable.strings */ = {
			isa = PBXVariantGroup;
			children = (
				8D9D63F921B5231300979814 /* en */,
			);
			name = Localizable.strings;
			sourceTree = "<group>";
		};
/* End PBXVariantGroup section */

/* Begin XCBuildConfiguration section */
		6E173CC22444608300BEAB68 /* Debug */ = {
			isa = XCBuildConfiguration;
			baseConfigurationReference = 946049643591A66991C45353 /* Pods-Domain.debug.xcconfig */;
			buildSettings = {
				CLANG_ENABLE_MODULES = YES;
				CODE_SIGN_STYLE = Automatic;
				CURRENT_PROJECT_VERSION = 1;
				DEFINES_MODULE = YES;
				DEVELOPMENT_TEAM = 5ZKGU62W9D;
				DYLIB_COMPATIBILITY_VERSION = 1;
				DYLIB_CURRENT_VERSION = 1;
				DYLIB_INSTALL_NAME_BASE = "@rpath";
				INFOPLIST_FILE = Domain/Info.plist;
				INSTALL_PATH = "$(LOCAL_LIBRARY_DIR)/Frameworks";
				IPHONEOS_DEPLOYMENT_TARGET = 12.1;
				LD_RUNPATH_SEARCH_PATHS = (
					"$(inherited)",
					"@executable_path/Frameworks",
					"@loader_path/Frameworks",
				);
				PRODUCT_BUNDLE_IDENTIFIER = "com.dinocata.mvvm-demo.domain";
				PRODUCT_NAME = "$(TARGET_NAME:c99extidentifier)";
				SKIP_INSTALL = YES;
				SUPPORTS_MACCATALYST = NO;
				SWIFT_OPTIMIZATION_LEVEL = "-Onone";
				SWIFT_VERSION = 5.0;
				TARGETED_DEVICE_FAMILY = "1,2";
				VERSIONING_SYSTEM = "apple-generic";
				VERSION_INFO_PREFIX = "";
			};
			name = Debug;
		};
		6E173CC32444608300BEAB68 /* Release */ = {
			isa = XCBuildConfiguration;
			baseConfigurationReference = 5211262445F747E40910E462 /* Pods-Domain.release.xcconfig */;
			buildSettings = {
				CLANG_ENABLE_MODULES = YES;
				CODE_SIGN_STYLE = Automatic;
				CURRENT_PROJECT_VERSION = 1;
				DEFINES_MODULE = YES;
				DEVELOPMENT_TEAM = 5ZKGU62W9D;
				DYLIB_COMPATIBILITY_VERSION = 1;
				DYLIB_CURRENT_VERSION = 1;
				DYLIB_INSTALL_NAME_BASE = "@rpath";
				INFOPLIST_FILE = Domain/Info.plist;
				INSTALL_PATH = "$(LOCAL_LIBRARY_DIR)/Frameworks";
				IPHONEOS_DEPLOYMENT_TARGET = 12.1;
				LD_RUNPATH_SEARCH_PATHS = (
					"$(inherited)",
					"@executable_path/Frameworks",
					"@loader_path/Frameworks",
				);
				PRODUCT_BUNDLE_IDENTIFIER = "com.dinocata.mvvm-demo.domain";
				PRODUCT_NAME = "$(TARGET_NAME:c99extidentifier)";
				SKIP_INSTALL = YES;
				SUPPORTS_MACCATALYST = NO;
				SWIFT_VERSION = 5.0;
				TARGETED_DEVICE_FAMILY = "1,2";
				VERSIONING_SYSTEM = "apple-generic";
				VERSION_INFO_PREFIX = "";
			};
			name = Release;
		};
		6E173CD4244460C800BEAB68 /* Debug */ = {
			isa = XCBuildConfiguration;
			baseConfigurationReference = 12F3E0D3D488784B848C167C /* Pods-Data.debug.xcconfig */;
			buildSettings = {
				CODE_SIGN_STYLE = Automatic;
				CURRENT_PROJECT_VERSION = 1;
				DEFINES_MODULE = YES;
				DEVELOPMENT_TEAM = 5ZKGU62W9D;
				DYLIB_COMPATIBILITY_VERSION = 1;
				DYLIB_CURRENT_VERSION = 1;
				DYLIB_INSTALL_NAME_BASE = "@rpath";
				INFOPLIST_FILE = Data/Info.plist;
				INSTALL_PATH = "$(LOCAL_LIBRARY_DIR)/Frameworks";
				IPHONEOS_DEPLOYMENT_TARGET = 12.1;
				LD_RUNPATH_SEARCH_PATHS = (
					"$(inherited)",
					"@executable_path/Frameworks",
					"@loader_path/Frameworks",
				);
				PRODUCT_BUNDLE_IDENTIFIER = "com.dinocata.mvvm-demo.data";
				PRODUCT_NAME = "$(TARGET_NAME:c99extidentifier)";
				SKIP_INSTALL = YES;
				SUPPORTS_MACCATALYST = NO;
				SWIFT_VERSION = 5.0;
				TARGETED_DEVICE_FAMILY = "1,2";
				VERSIONING_SYSTEM = "apple-generic";
				VERSION_INFO_PREFIX = "";
			};
			name = Debug;
		};
		6E173CD5244460C800BEAB68 /* Release */ = {
			isa = XCBuildConfiguration;
			baseConfigurationReference = 20EA91C9C75D9D0B2C50956D /* Pods-Data.release.xcconfig */;
			buildSettings = {
				CODE_SIGN_STYLE = Automatic;
				CURRENT_PROJECT_VERSION = 1;
				DEFINES_MODULE = YES;
				DEVELOPMENT_TEAM = 5ZKGU62W9D;
				DYLIB_COMPATIBILITY_VERSION = 1;
				DYLIB_CURRENT_VERSION = 1;
				DYLIB_INSTALL_NAME_BASE = "@rpath";
				INFOPLIST_FILE = Data/Info.plist;
				INSTALL_PATH = "$(LOCAL_LIBRARY_DIR)/Frameworks";
				IPHONEOS_DEPLOYMENT_TARGET = 12.1;
				LD_RUNPATH_SEARCH_PATHS = (
					"$(inherited)",
					"@executable_path/Frameworks",
					"@loader_path/Frameworks",
				);
				PRODUCT_BUNDLE_IDENTIFIER = "com.dinocata.mvvm-demo.data";
				PRODUCT_NAME = "$(TARGET_NAME:c99extidentifier)";
				SKIP_INSTALL = YES;
				SUPPORTS_MACCATALYST = NO;
				SWIFT_VERSION = 5.0;
				TARGETED_DEVICE_FAMILY = "1,2";
				VERSIONING_SYSTEM = "apple-generic";
				VERSION_INFO_PREFIX = "";
			};
			name = Release;
		};
		8D617C7521B40902009D2113 /* Debug */ = {
			isa = XCBuildConfiguration;
			buildSettings = {
				ALWAYS_SEARCH_USER_PATHS = NO;
				CLANG_ANALYZER_NONNULL = YES;
				CLANG_ANALYZER_NUMBER_OBJECT_CONVERSION = YES_AGGRESSIVE;
				CLANG_CXX_LANGUAGE_STANDARD = "gnu++14";
				CLANG_CXX_LIBRARY = "libc++";
				CLANG_ENABLE_MODULES = YES;
				CLANG_ENABLE_OBJC_ARC = YES;
				CLANG_ENABLE_OBJC_WEAK = YES;
				CLANG_WARN_BLOCK_CAPTURE_AUTORELEASING = YES;
				CLANG_WARN_BOOL_CONVERSION = YES;
				CLANG_WARN_COMMA = YES;
				CLANG_WARN_CONSTANT_CONVERSION = YES;
				CLANG_WARN_DEPRECATED_OBJC_IMPLEMENTATIONS = YES;
				CLANG_WARN_DIRECT_OBJC_ISA_USAGE = YES_ERROR;
				CLANG_WARN_DOCUMENTATION_COMMENTS = YES;
				CLANG_WARN_EMPTY_BODY = YES;
				CLANG_WARN_ENUM_CONVERSION = YES;
				CLANG_WARN_INFINITE_RECURSION = YES;
				CLANG_WARN_INT_CONVERSION = YES;
				CLANG_WARN_NON_LITERAL_NULL_CONVERSION = YES;
				CLANG_WARN_OBJC_IMPLICIT_RETAIN_SELF = YES;
				CLANG_WARN_OBJC_LITERAL_CONVERSION = YES;
				CLANG_WARN_OBJC_ROOT_CLASS = YES_ERROR;
				CLANG_WARN_RANGE_LOOP_ANALYSIS = YES;
				CLANG_WARN_STRICT_PROTOTYPES = YES;
				CLANG_WARN_SUSPICIOUS_MOVE = YES;
				CLANG_WARN_UNGUARDED_AVAILABILITY = YES_AGGRESSIVE;
				CLANG_WARN_UNREACHABLE_CODE = YES;
				CLANG_WARN__DUPLICATE_METHOD_MATCH = YES;
				CODE_SIGN_IDENTITY = "iPhone Developer";
				COPY_PHASE_STRIP = NO;
				DEBUG_INFORMATION_FORMAT = dwarf;
				ENABLE_STRICT_OBJC_MSGSEND = YES;
				ENABLE_TESTABILITY = YES;
				GCC_C_LANGUAGE_STANDARD = gnu11;
				GCC_DYNAMIC_NO_PIC = NO;
				GCC_NO_COMMON_BLOCKS = YES;
				GCC_OPTIMIZATION_LEVEL = 0;
				GCC_PREPROCESSOR_DEFINITIONS = (
					"DEBUG=1",
					"$(inherited)",
				);
				GCC_WARN_64_TO_32_BIT_CONVERSION = YES;
				GCC_WARN_ABOUT_RETURN_TYPE = YES_ERROR;
				GCC_WARN_UNDECLARED_SELECTOR = YES;
				GCC_WARN_UNINITIALIZED_AUTOS = YES_AGGRESSIVE;
				GCC_WARN_UNUSED_FUNCTION = YES;
				GCC_WARN_UNUSED_VARIABLE = YES;
				IPHONEOS_DEPLOYMENT_TARGET = 12.1;
				MTL_ENABLE_DEBUG_INFO = INCLUDE_SOURCE;
				MTL_FAST_MATH = YES;
				ONLY_ACTIVE_ARCH = YES;
				SDKROOT = iphoneos;
				SWIFT_ACTIVE_COMPILATION_CONDITIONS = DEBUG;
				SWIFT_OPTIMIZATION_LEVEL = "-Onone";
			};
			name = Debug;
		};
		8D617C7621B40902009D2113 /* Release */ = {
			isa = XCBuildConfiguration;
			buildSettings = {
				ALWAYS_SEARCH_USER_PATHS = NO;
				CLANG_ANALYZER_NONNULL = YES;
				CLANG_ANALYZER_NUMBER_OBJECT_CONVERSION = YES_AGGRESSIVE;
				CLANG_CXX_LANGUAGE_STANDARD = "gnu++14";
				CLANG_CXX_LIBRARY = "libc++";
				CLANG_ENABLE_MODULES = YES;
				CLANG_ENABLE_OBJC_ARC = YES;
				CLANG_ENABLE_OBJC_WEAK = YES;
				CLANG_WARN_BLOCK_CAPTURE_AUTORELEASING = YES;
				CLANG_WARN_BOOL_CONVERSION = YES;
				CLANG_WARN_COMMA = YES;
				CLANG_WARN_CONSTANT_CONVERSION = YES;
				CLANG_WARN_DEPRECATED_OBJC_IMPLEMENTATIONS = YES;
				CLANG_WARN_DIRECT_OBJC_ISA_USAGE = YES_ERROR;
				CLANG_WARN_DOCUMENTATION_COMMENTS = YES;
				CLANG_WARN_EMPTY_BODY = YES;
				CLANG_WARN_ENUM_CONVERSION = YES;
				CLANG_WARN_INFINITE_RECURSION = YES;
				CLANG_WARN_INT_CONVERSION = YES;
				CLANG_WARN_NON_LITERAL_NULL_CONVERSION = YES;
				CLANG_WARN_OBJC_IMPLICIT_RETAIN_SELF = YES;
				CLANG_WARN_OBJC_LITERAL_CONVERSION = YES;
				CLANG_WARN_OBJC_ROOT_CLASS = YES_ERROR;
				CLANG_WARN_RANGE_LOOP_ANALYSIS = YES;
				CLANG_WARN_STRICT_PROTOTYPES = YES;
				CLANG_WARN_SUSPICIOUS_MOVE = YES;
				CLANG_WARN_UNGUARDED_AVAILABILITY = YES_AGGRESSIVE;
				CLANG_WARN_UNREACHABLE_CODE = YES;
				CLANG_WARN__DUPLICATE_METHOD_MATCH = YES;
				CODE_SIGN_IDENTITY = "iPhone Developer";
				COPY_PHASE_STRIP = NO;
				DEBUG_INFORMATION_FORMAT = "dwarf-with-dsym";
				ENABLE_NS_ASSERTIONS = NO;
				ENABLE_STRICT_OBJC_MSGSEND = YES;
				GCC_C_LANGUAGE_STANDARD = gnu11;
				GCC_NO_COMMON_BLOCKS = YES;
				GCC_WARN_64_TO_32_BIT_CONVERSION = YES;
				GCC_WARN_ABOUT_RETURN_TYPE = YES_ERROR;
				GCC_WARN_UNDECLARED_SELECTOR = YES;
				GCC_WARN_UNINITIALIZED_AUTOS = YES_AGGRESSIVE;
				GCC_WARN_UNUSED_FUNCTION = YES;
				GCC_WARN_UNUSED_VARIABLE = YES;
				IPHONEOS_DEPLOYMENT_TARGET = 12.1;
				MTL_ENABLE_DEBUG_INFO = NO;
				MTL_FAST_MATH = YES;
				SDKROOT = iphoneos;
				SWIFT_COMPILATION_MODE = wholemodule;
				SWIFT_OPTIMIZATION_LEVEL = "-O";
				VALIDATE_PRODUCT = YES;
			};
			name = Release;
		};
		8D617C7821B40902009D2113 /* Debug */ = {
			isa = XCBuildConfiguration;
			baseConfigurationReference = 7C55407E6D899D92C7853DF0 /* Pods-Application.debug.xcconfig */;
			buildSettings = {
				ALWAYS_EMBED_SWIFT_STANDARD_LIBRARIES = YES;
				ASSETCATALOG_COMPILER_APPICON_NAME = AppIcon;
				CODE_SIGN_STYLE = Automatic;
				DEVELOPMENT_TEAM = 5ZKGU62W9D;
				INFOPLIST_FILE = "$(SRCROOT)/Application/Info.plist";
				LD_RUNPATH_SEARCH_PATHS = (
					"$(inherited)",
					"@executable_path/Frameworks",
				);
				OTHER_SWIFT_FLAGS = "$(inherited) \"-D\" \"COCOAPODS\" -D TRACE_RESOURCES";
				PRODUCT_BUNDLE_IDENTIFIER = "com.dinocata.mvvm-demo";
				PRODUCT_NAME = "$(TARGET_NAME)";
				SWIFT_VERSION = 5.0;
				TARGETED_DEVICE_FAMILY = "1,2";
			};
			name = Debug;
		};
		8D617C7921B40902009D2113 /* Release */ = {
			isa = XCBuildConfiguration;
			baseConfigurationReference = 280C9CA86D2B0364D79E99EF /* Pods-Application.release.xcconfig */;
			buildSettings = {
				ALWAYS_EMBED_SWIFT_STANDARD_LIBRARIES = YES;
				ASSETCATALOG_COMPILER_APPICON_NAME = AppIcon;
				CODE_SIGN_STYLE = Automatic;
				DEVELOPMENT_TEAM = 5ZKGU62W9D;
				INFOPLIST_FILE = "$(SRCROOT)/Application/Info.plist";
				LD_RUNPATH_SEARCH_PATHS = (
					"$(inherited)",
					"@executable_path/Frameworks",
				);
				PRODUCT_BUNDLE_IDENTIFIER = "com.dinocata.mvvm-demo";
				PRODUCT_NAME = "$(TARGET_NAME)";
				SWIFT_VERSION = 5.0;
				TARGETED_DEVICE_FAMILY = "1,2";
			};
			name = Release;
		};
/* End XCBuildConfiguration section */

/* Begin XCConfigurationList section */
		6E173CC12444608300BEAB68 /* Build configuration list for PBXNativeTarget "Domain" */ = {
			isa = XCConfigurationList;
			buildConfigurations = (
				6E173CC22444608300BEAB68 /* Debug */,
				6E173CC32444608300BEAB68 /* Release */,
			);
			defaultConfigurationIsVisible = 0;
			defaultConfigurationName = Release;
		};
		6E173CD3244460C800BEAB68 /* Build configuration list for PBXNativeTarget "Data" */ = {
			isa = XCConfigurationList;
			buildConfigurations = (
				6E173CD4244460C800BEAB68 /* Debug */,
				6E173CD5244460C800BEAB68 /* Release */,
			);
			defaultConfigurationIsVisible = 0;
			defaultConfigurationName = Release;
		};
		8D617C5221B40901009D2113 /* Build configuration list for PBXProject "MVVM-Demo" */ = {
			isa = XCConfigurationList;
			buildConfigurations = (
				8D617C7521B40902009D2113 /* Debug */,
				8D617C7621B40902009D2113 /* Release */,
			);
			defaultConfigurationIsVisible = 0;
			defaultConfigurationName = Release;
		};
		8D617C7721B40902009D2113 /* Build configuration list for PBXNativeTarget "Application" */ = {
			isa = XCConfigurationList;
			buildConfigurations = (
				8D617C7821B40902009D2113 /* Debug */,
				8D617C7921B40902009D2113 /* Release */,
			);
			defaultConfigurationIsVisible = 0;
			defaultConfigurationName = Release;
		};
/* End XCConfigurationList section */
	};
	rootObject = 8D617C4F21B40901009D2113 /* Project object */;
}
